// !$*UTF8*$!
{
	archiveVersion = 1;
	classes = {
	};
	objectVersion = 46;
	objects = {

/* Begin PBXBuildFile section */
		401844191DD8E4CD000BFC21 /* Main.storyboard in Resources */ = {isa = PBXBuildFile; fileRef = 401844171DD8E4CD000BFC21 /* Main.storyboard */; };
		4018441B1DD8E54B000BFC21 /* EmotionsViewController.swift in Sources */ = {isa = PBXBuildFile; fileRef = 4018441A1DD8E54B000BFC21 /* EmotionsViewController.swift */; };
		402D54DF1DBADAFD00FCD1C5 /* AppDelegate.swift in Sources */ = {isa = PBXBuildFile; fileRef = 402D54DE1DBADAFD00FCD1C5 /* AppDelegate.swift */; };
		402D54E11DBADAFD00FCD1C5 /* FaceViewController.swift in Sources */ = {isa = PBXBuildFile; fileRef = 402D54E01DBADAFD00FCD1C5 /* FaceViewController.swift */; };
		402D54E61DBADAFD00FCD1C5 /* Assets.xcassets in Resources */ = {isa = PBXBuildFile; fileRef = 402D54E51DBADAFD00FCD1C5 /* Assets.xcassets */; };
		402D54E91DBADAFD00FCD1C5 /* LaunchScreen.storyboard in Resources */ = {isa = PBXBuildFile; fileRef = 402D54E71DBADAFD00FCD1C5 /* LaunchScreen.storyboard */; };
		402D54F21DBAE0E400FCD1C5 /* FaceView.swift in Sources */ = {isa = PBXBuildFile; fileRef = 402D54F11DBAE0E400FCD1C5 /* FaceView.swift */; };
		40FDAF281DD7F49300F38AAA /* FacialExpression.swift in Sources */ = {isa = PBXBuildFile; fileRef = 40FDAF271DD7F49300F38AAA /* FacialExpression.swift */; };
/* End PBXBuildFile section */

/* Begin PBXFileReference section */
		401844181DD8E4CD000BFC21 /* Base */ = {isa = PBXFileReference; lastKnownFileType = file.storyboard; name = Base; path = FaceIt/Base.lproj/Main.storyboard; sourceTree = "<group>"; };
		4018441A1DD8E54B000BFC21 /* EmotionsViewController.swift */ = {isa = PBXFileReference; fileEncoding = 4; lastKnownFileType = sourcecode.swift; path = EmotionsViewController.swift; sourceTree = "<group>"; };
		402D54DB1DBADAFD00FCD1C5 /* FaceIt.app */ = {isa = PBXFileReference; explicitFileType = wrapper.application; includeInIndex = 0; path = FaceIt.app; sourceTree = BUILT_PRODUCTS_DIR; };
		402D54DE1DBADAFD00FCD1C5 /* AppDelegate.swift */ = {isa = PBXFileReference; lastKnownFileType = sourcecode.swift; path = AppDelegate.swift; sourceTree = "<group>"; };
		402D54E01DBADAFD00FCD1C5 /* FaceViewController.swift */ = {isa = PBXFileReference; lastKnownFileType = sourcecode.swift; path = FaceViewController.swift; sourceTree = "<group>"; };
		402D54E51DBADAFD00FCD1C5 /* Assets.xcassets */ = {isa = PBXFileReference; lastKnownFileType = folder.assetcatalog; path = Assets.xcassets; sourceTree = "<group>"; };
		402D54E81DBADAFD00FCD1C5 /* Base */ = {isa = PBXFileReference; lastKnownFileType = file.storyboard; name = Base; path = Base.lproj/LaunchScreen.storyboard; sourceTree = "<group>"; };
		402D54EA1DBADAFD00FCD1C5 /* Info.plist */ = {isa = PBXFileReference; lastKnownFileType = text.plist.xml; path = Info.plist; sourceTree = "<group>"; };
		402D54F11DBAE0E400FCD1C5 /* FaceView.swift */ = {isa = PBXFileReference; fileEncoding = 4; lastKnownFileType = sourcecode.swift; path = FaceView.swift; sourceTree = "<group>"; };
		40FDAF271DD7F49300F38AAA /* FacialExpression.swift */ = {isa = PBXFileReference; fileEncoding = 4; lastKnownFileType = sourcecode.swift; path = FacialExpression.swift; sourceTree = "<group>"; };
/* End PBXFileReference section */

/* Begin PBXFrameworksBuildPhase section */
		402D54D81DBADAFD00FCD1C5 /* Frameworks */ = {
			isa = PBXFrameworksBuildPhase;
			buildActionMask = 2147483647;
			files = (
			);
			runOnlyForDeploymentPostprocessing = 0;
		};
/* End PBXFrameworksBuildPhase section */

/* Begin PBXGroup section */
		402D54D21DBADAFD00FCD1C5 = {
			isa = PBXGroup;
			children = (
				402D54DD1DBADAFD00FCD1C5 /* FaceIt */,
				402D54DC1DBADAFD00FCD1C5 /* Products */,
			);
			sourceTree = "<group>";
		};
		402D54DC1DBADAFD00FCD1C5 /* Products */ = {
			isa = PBXGroup;
			children = (
				402D54DB1DBADAFD00FCD1C5 /* FaceIt.app */,
			);
			name = Products;
			sourceTree = "<group>";
		};
		402D54DD1DBADAFD00FCD1C5 /* FaceIt */ = {
			isa = PBXGroup;
			children = (
				402D54F01DBADB0900FCD1C5 /* Supporting Files */,
				402D54E01DBADAFD00FCD1C5 /* FaceViewController.swift */,
				40FDAF271DD7F49300F38AAA /* FacialExpression.swift */,
				402D54F11DBAE0E400FCD1C5 /* FaceView.swift */,
				401844171DD8E4CD000BFC21 /* Main.storyboard */,
				4018441A1DD8E54B000BFC21 /* EmotionsViewController.swift */,
				402D54E51DBADAFD00FCD1C5 /* Assets.xcassets */,
			);
			path = FaceIt;
			sourceTree = "<group>";
		};
		402D54F01DBADB0900FCD1C5 /* Supporting Files */ = {
			isa = PBXGroup;
			children = (
				402D54DE1DBADAFD00FCD1C5 /* AppDelegate.swift */,
				402D54E71DBADAFD00FCD1C5 /* LaunchScreen.storyboard */,
				402D54EA1DBADAFD00FCD1C5 /* Info.plist */,
			);
			name = "Supporting Files";
			sourceTree = "<group>";
		};
/* End PBXGroup section */

/* Begin PBXNativeTarget section */
		402D54DA1DBADAFD00FCD1C5 /* FaceIt */ = {
			isa = PBXNativeTarget;
			buildConfigurationList = 402D54ED1DBADAFD00FCD1C5 /* Build configuration list for PBXNativeTarget "FaceIt" */;
			buildPhases = (
				402D54D71DBADAFD00FCD1C5 /* Sources */,
				402D54D81DBADAFD00FCD1C5 /* Frameworks */,
				402D54D91DBADAFD00FCD1C5 /* Resources */,
			);
			buildRules = (
			);
			dependencies = (
			);
			name = FaceIt;
			productName = FaceIt;
			productReference = 402D54DB1DBADAFD00FCD1C5 /* FaceIt.app */;
			productType = "com.apple.product-type.application";
		};
/* End PBXNativeTarget section */

/* Begin PBXProject section */
		402D54D31DBADAFD00FCD1C5 /* Project object */ = {
			isa = PBXProject;
			attributes = {
				LastSwiftUpdateCheck = 0730;
				LastUpgradeCheck = 0730;
				ORGANIZATIONNAME = Lakshmi;
				TargetAttributes = {
					402D54DA1DBADAFD00FCD1C5 = {
						CreatedOnToolsVersion = 7.3.1;
					};
				};
			};
			buildConfigurationList = 402D54D61DBADAFD00FCD1C5 /* Build configuration list for PBXProject "FaceIt" */;
			compatibilityVersion = "Xcode 3.2";
			developmentRegion = English;
			hasScannedForEncodings = 0;
			knownRegions = (
				en,
				Base,
			);
			mainGroup = 402D54D21DBADAFD00FCD1C5;
			productRefGroup = 402D54DC1DBADAFD00FCD1C5 /* Products */;
			projectDirPath = "";
			projectRoot = "";
			targets = (
				402D54DA1DBADAFD00FCD1C5 /* FaceIt */,
			);
		};
/* End PBXProject section */

/* Begin PBXResourcesBuildPhase section */
		402D54D91DBADAFD00FCD1C5 /* Resources */ = {
			isa = PBXResourcesBuildPhase;
			buildActionMask = 2147483647;
			files = (
				401844191DD8E4CD000BFC21 /* Main.storyboard in Resources */,
				402D54E91DBADAFD00FCD1C5 /* LaunchScreen.storyboard in Resources */,
				402D54E61DBADAFD00FCD1C5 /* Assets.xcassets in Resources */,
			);
			runOnlyForDeploymentPostprocessing = 0;
		};
/* End PBXResourcesBuildPhase section */

/* Begin PBXSourcesBuildPhase section */
		402D54D71DBADAFD00FCD1C5 /* Sources */ = {
			isa = PBXSourcesBuildPhase;
			buildActionMask = 2147483647;
			files = (
				402D54E11DBADAFD00FCD1C5 /* FaceViewController.swift in Sources */,
				40FDAF281DD7F49300F38AAA /* FacialExpression.swift in Sources */,
				4018441B1DD8E54B000BFC21 /* EmotionsViewController.swift in Sources */,
				402D54DF1DBADAFD00FCD1C5 /* AppDelegate.swift in Sources */,
				402D54F21DBAE0E400FCD1C5 /* FaceView.swift in Sources */,
			);
			runOnlyForDeploymentPostprocessing = 0;
		};
/* End PBXSourcesBuildPhase section */

/* Begin PBXVariantGroup section */
		401844171DD8E4CD000BFC21 /* Main.storyboard */ = {
			isa = PBXVariantGroup;
			children = (
				401844181DD8E4CD000BFC21 /* Base */,
			);
			name = Main.storyboard;
			path = ..;
			sourceTree = "<group>";
		};
		402D54E71DBADAFD00FCD1C5 /* LaunchScreen.storyboard */ = {
			isa = PBXVariantGroup;
			children = (
				402D54E81DBADAFD00FCD1C5 /* Base */,
			);
			name = LaunchScreen.storyboard;
			sourceTree = "<group>";
		};
/* End PBXVariantGroup section */

/* Begin XCBuildConfiguration section */
		402D54EB1DBADAFD00FCD1C5 /* Debug */ = {
			isa = XCBuildConfiguration;
			buildSettings = {
				ALWAYS_SEARCH_USER_PATHS = NO;
				CLANG_ANALYZER_NONNULL = YES;
				CLANG_CXX_LANGUAGE_STANDARD = "gnu++0x";
				CLANG_CXX_LIBRARY = "libc++";
				CLANG_ENABLE_MODULES = YES;
				CLANG_ENABLE_OBJC_ARC = YES;
				CLANG_WARN_BOOL_CONVERSION = YES;
				CLANG_WARN_CONSTANT_CONVERSION = YES;
				CLANG_WARN_DIRECT_OBJC_ISA_USAGE = YES_ERROR;
				CLANG_WARN_EMPTY_BODY = YES;
				CLANG_WARN_ENUM_CONVERSION = YES;
				CLANG_WARN_INT_CONVERSION = YES;
				CLANG_WARN_OBJC_ROOT_CLASS = YES_ERROR;
				CLANG_WARN_UNREACHABLE_CODE = YES;
				CLANG_WARN__DUPLICATE_METHOD_MATCH = YES;
				"CODE_SIGN_IDENTITY[sdk=iphoneos*]" = "iPhone Developer";
				COPY_PHASE_STRIP = NO;
				DEBUG_INFORMATION_FORMAT = dwarf;
				ENABLE_STRICT_OBJC_MSGSEND = YES;
				ENABLE_TESTABILITY = YES;
				GCC_C_LANGUAGE_STANDARD = gnu99;
				GCC_DYNAMIC_NO_PIC = NO;
				GCC_NO_COMMON_BLOCKS = YES;
				GCC_OPTIMIZATION_LEVEL = 0;
				GCC_PREPROCESSOR_DEFINITIONS = (
					"DEBUG=1",
					"$(inherited)",
				);
				GCC_WARN_64_TO_32_BIT_CONVERSION = YES;
				GCC_WARN_ABOUT_RETURN_TYPE = YES_ERROR;
				GCC_WARN_UNDECLARED_SELECTOR = YES;
				GCC_WARN_UNINITIALIZED_AUTOS = YES_AGGRESSIVE;
				GCC_WARN_UNUSED_FUNCTION = YES;
				GCC_WARN_UNUSED_VARIABLE = YES;
				IPHONEOS_DEPLOYMENT_TARGET = 9.3;
				MTL_ENABLE_DEBUG_INFO = YES;
				ONLY_ACTIVE_ARCH = YES;
				SDKROOT = iphoneos;
				SWIFT_OPTIMIZATION_LEVEL = "-Onone";
				TARGETED_DEVICE_FAMILY = "1,2";
			};
			name = Debug;
		};
		402D54EC1DBADAFD00FCD1C5 /* Release */ = {
			isa = XCBuildConfiguration;
			buildSettings = {
				ALWAYS_SEARCH_USER_PATHS = NO;
				CLANG_ANALYZER_NONNULL = YES;
				CLANG_CXX_LANGUAGE_STANDARD = "gnu++0x";
				CLANG_CXX_LIBRARY = "libc++";
				CLANG_ENABLE_MODULES = YES;
				CLANG_ENABLE_OBJC_ARC = YES;
				CLANG_WARN_BOOL_CONVERSION = YES;
				CLANG_WARN_CONSTANT_CONVERSION = YES;
				CLANG_WARN_DIRECT_OBJC_ISA_USAGE = YES_ERROR;
				CLANG_WARN_EMPTY_BODY = YES;
				CLANG_WARN_ENUM_CONVERSION = YES;
				CLANG_WARN_INT_CONVERSION = YES;
				CLANG_WARN_OBJC_ROOT_CLASS = YES_ERROR;
				CLANG_WARN_UNREACHABLE_CODE = YES;
				CLANG_WARN__DUPLICATE_METHOD_MATCH = YES;
				"CODE_SIGN_IDENTITY[sdk=iphoneos*]" = "iPhone Developer";
				COPY_PHASE_STRIP = NO;
				DEBUG_INFORMATION_FORMAT = "dwarf-with-dsym";
				ENABLE_NS_ASSERTIONS = NO;
				ENABLE_STRICT_OBJC_MSGSEND = YES;
				GCC_C_LANGUAGE_STANDARD = gnu99;
				GCC_NO_COMMON_BLOCKS = YES;
				GCC_WARN_64_TO_32_BIT_CONVERSION = YES;
				GCC_WARN_ABOUT_RETURN_TYPE = YES_ERROR;
				GCC_WARN_UNDECLARED_SELECTOR = YES;
				GCC_WARN_UNINITIALIZED_AUTOS = YES_AGGRESSIVE;
				GCC_WARN_UNUSED_FUNCTION = YES;
				GCC_WARN_UNUSED_VARIABLE = YES;
				IPHONEOS_DEPLOYMENT_TARGET = 9.3;
				MTL_ENABLE_DEBUG_INFO = NO;
				SDKROOT = iphoneos;
				TARGETED_DEVICE_FAMILY = "1,2";
				VALIDATE_PRODUCT = YES;
			};
			name = Release;
		};
		402D54EE1DBADAFD00FCD1C5 /* Debug */ = {
			isa = XCBuildConfiguration;
			buildSettings = {
				ASSETCATALOG_COMPILER_APPICON_NAME = AppIcon;
				INFOPLIST_FILE = FaceIt/Info.plist;
				LD_RUNPATH_SEARCH_PATHS = "$(inherited) @executable_path/Frameworks";
				PRODUCT_BUNDLE_IDENTIFIER = com.arunsivakumar.FaceIt;
				PRODUCT_NAME = "$(TARGET_NAME)";
			};
			name = Debug;
		};
		402D54EF1DBADAFD00FCD1C5 /* Release */ = {
			isa = XCBuildConfiguration;
			buildSettings = {
				ASSETCATALOG_COMPILER_APPICON_NAME = AppIcon;
				INFOPLIST_FILE = FaceIt/Info.plist;
				LD_RUNPATH_SEARCH_PATHS = "$(inherited) @executable_path/Frameworks";
				PRODUCT_BUNDLE_IDENTIFIER = com.arunsivakumar.FaceIt;
				PRODUCT_NAME = "$(TARGET_NAME)";
			};
			name = Release;
		};
/* End XCBuildConfiguration section */

/* Begin XCConfigurationList section */
		402D54D61DBADAFD00FCD1C5 /* Build configuration list for PBXProject "FaceIt" */ = {
			isa = XCConfigurationList;
			buildConfigurations = (
				402D54EB1DBADAFD00FCD1C5 /* Debug */,
				402D54EC1DBADAFD00FCD1C5 /* Release */,
			);
			defaultConfigurationIsVisible = 0;
			defaultConfigurationName = Release;
		};
		402D54ED1DBADAFD00FCD1C5 /* Build configuration list for PBXNativeTarget "FaceIt" */ = {
			isa = XCConfigurationList;
			buildConfigurations = (
				402D54EE1DBADAFD00FCD1C5 /* Debug */,
				402D54EF1DBADAFD00FCD1C5 /* Release */,
			);
			defaultConfigurationIsVisible = 0;
			defaultConfigurationName = Release;
		};
/* End XCConfigurationList section */
	};
	rootObject = 402D54D31DBADAFD00FCD1C5 /* Project object */;
}
