// !$*UTF8*$!
{
	archiveVersion = 1;
	classes = {
	};
	objectVersion = 50;
	objects = {

/* Begin PBXBuildFile section */
		48B2F988213F8A0800B0C6FC /* AppDelegate.swift in Sources */ = {isa = PBXBuildFile; fileRef = 48B2F987213F8A0800B0C6FC /* AppDelegate.swift */; };
		48B2F98A213F8A0800B0C6FC /* ViewController.swift in Sources */ = {isa = PBXBuildFile; fileRef = 48B2F989213F8A0800B0C6FC /* ViewController.swift */; };
		48B2F98D213F8A0800B0C6FC /* Main.storyboard in Resources */ = {isa = PBXBuildFile; fileRef = 48B2F98B213F8A0800B0C6FC /* Main.storyboard */; };
		48B2F98F213F8A0900B0C6FC /* Assets.xcassets in Resources */ = {isa = PBXBuildFile; fileRef = 48B2F98E213F8A0900B0C6FC /* Assets.xcassets */; };
		48B2F992213F8A0900B0C6FC /* LaunchScreen.storyboard in Resources */ = {isa = PBXBuildFile; fileRef = 48B2F990213F8A0900B0C6FC /* LaunchScreen.storyboard */; };
		BB17001D549E570388F61E20 /* CoveredClassTests.swift in Sources */ = {isa = PBXBuildFile; fileRef = BB17005CA1E453E7F28EFA3C /* CoveredClassTests.swift */; };
		BB1707F086E49A0B2AAE9F85 /* CoveredClass.swift in Sources */ = {isa = PBXBuildFile; fileRef = BB170850CC433BA3F4B74771 /* CoveredClass.swift */; };
/* End PBXBuildFile section */

/* Begin PBXContainerItemProxy section */
		48B2F999213F8A0A00B0C6FC /* PBXContainerItemProxy */ = {
			isa = PBXContainerItemProxy;
			containerPortal = 48B2F97C213F8A0800B0C6FC /* Project object */;
			proxyType = 1;
			remoteGlobalIDString = 48B2F983213F8A0800B0C6FC;
			remoteInfo = CodeCoverage;
		};
/* End PBXContainerItemProxy section */

/* Begin PBXFileReference section */
		48B2F984213F8A0800B0C6FC /* CodeCoverage.app */ = {isa = PBXFileReference; explicitFileType = wrapper.application; includeInIndex = 0; path = CodeCoverage.app; sourceTree = BUILT_PRODUCTS_DIR; };
		48B2F987213F8A0800B0C6FC /* AppDelegate.swift */ = {isa = PBXFileReference; lastKnownFileType = sourcecode.swift; path = AppDelegate.swift; sourceTree = "<group>"; };
		48B2F989213F8A0800B0C6FC /* ViewController.swift */ = {isa = PBXFileReference; lastKnownFileType = sourcecode.swift; path = ViewController.swift; sourceTree = "<group>"; };
		48B2F98C213F8A0800B0C6FC /* Base */ = {isa = PBXFileReference; lastKnownFileType = file.storyboard; name = Base; path = Base.lproj/Main.storyboard; sourceTree = "<group>"; };
		48B2F98E213F8A0900B0C6FC /* Assets.xcassets */ = {isa = PBXFileReference; lastKnownFileType = folder.assetcatalog; path = Assets.xcassets; sourceTree = "<group>"; };
		48B2F991213F8A0900B0C6FC /* Base */ = {isa = PBXFileReference; lastKnownFileType = file.storyboard; name = Base; path = Base.lproj/LaunchScreen.storyboard; sourceTree = "<group>"; };
		48B2F993213F8A0A00B0C6FC /* Info.plist */ = {isa = PBXFileReference; lastKnownFileType = text.plist.xml; path = Info.plist; sourceTree = "<group>"; };
		48B2F998213F8A0A00B0C6FC /* CodeCoverageTests.xctest */ = {isa = PBXFileReference; explicitFileType = wrapper.cfbundle; includeInIndex = 0; path = CodeCoverageTests.xctest; sourceTree = BUILT_PRODUCTS_DIR; };
		48B2F99E213F8A0A00B0C6FC /* Info.plist */ = {isa = PBXFileReference; lastKnownFileType = text.plist.xml; path = Info.plist; sourceTree = "<group>"; };
		BB17005CA1E453E7F28EFA3C /* CoveredClassTests.swift */ = {isa = PBXFileReference; fileEncoding = 4; lastKnownFileType = sourcecode.swift; path = CoveredClassTests.swift; sourceTree = "<group>"; };
		BB170850CC433BA3F4B74771 /* CoveredClass.swift */ = {isa = PBXFileReference; fileEncoding = 4; lastKnownFileType = sourcecode.swift; path = CoveredClass.swift; sourceTree = "<group>"; };
/* End PBXFileReference section */

/* Begin PBXFrameworksBuildPhase section */
		48B2F981213F8A0800B0C6FC /* Frameworks */ = {
			isa = PBXFrameworksBuildPhase;
			buildActionMask = 2147483647;
			files = (
			);
			runOnlyForDeploymentPostprocessing = 0;
		};
		48B2F995213F8A0A00B0C6FC /* Frameworks */ = {
			isa = PBXFrameworksBuildPhase;
			buildActionMask = 2147483647;
			files = (
			);
			runOnlyForDeploymentPostprocessing = 0;
		};
/* End PBXFrameworksBuildPhase section */

/* Begin PBXGroup section */
		48B2F97B213F8A0800B0C6FC = {
			isa = PBXGroup;
			children = (
				48B2F986213F8A0800B0C6FC /* CodeCoverage */,
				48B2F99B213F8A0A00B0C6FC /* CodeCoverageTests */,
				48B2F985213F8A0800B0C6FC /* Products */,
			);
			sourceTree = "<group>";
		};
		48B2F985213F8A0800B0C6FC /* Products */ = {
			isa = PBXGroup;
			children = (
				48B2F984213F8A0800B0C6FC /* CodeCoverage.app */,
				48B2F998213F8A0A00B0C6FC /* CodeCoverageTests.xctest */,
			);
			name = Products;
			sourceTree = "<group>";
		};
		48B2F986213F8A0800B0C6FC /* CodeCoverage */ = {
			isa = PBXGroup;
			children = (
				BB170850CC433BA3F4B74771 /* CoveredClass.swift */,
				48B2F989213F8A0800B0C6FC /* ViewController.swift */,
				48B2F98B213F8A0800B0C6FC /* Main.storyboard */,
				48B2F987213F8A0800B0C6FC /* AppDelegate.swift */,
				48B2F98E213F8A0900B0C6FC /* Assets.xcassets */,
				48B2F990213F8A0900B0C6FC /* LaunchScreen.storyboard */,
				48B2F993213F8A0A00B0C6FC /* Info.plist */,
			);
			path = CodeCoverage;
			sourceTree = "<group>";
		};
		48B2F99B213F8A0A00B0C6FC /* CodeCoverageTests */ = {
			isa = PBXGroup;
			children = (
				BB17005CA1E453E7F28EFA3C /* CoveredClassTests.swift */,
				48B2F99E213F8A0A00B0C6FC /* Info.plist */,
			);
			path = CodeCoverageTests;
			sourceTree = "<group>";
		};
/* End PBXGroup section */

/* Begin PBXNativeTarget section */
		48B2F983213F8A0800B0C6FC /* CodeCoverage */ = {
			isa = PBXNativeTarget;
			buildConfigurationList = 48B2F9A1213F8A0A00B0C6FC /* Build configuration list for PBXNativeTarget "CodeCoverage" */;
			buildPhases = (
				48B2F980213F8A0800B0C6FC /* Sources */,
				48B2F981213F8A0800B0C6FC /* Frameworks */,
				48B2F982213F8A0800B0C6FC /* Resources */,
			);
			buildRules = (
			);
			dependencies = (
			);
			name = CodeCoverage;
			productName = CodeCoverage;
			productReference = 48B2F984213F8A0800B0C6FC /* CodeCoverage.app */;
			productType = "com.apple.product-type.application";
		};
		48B2F997213F8A0A00B0C6FC /* CodeCoverageTests */ = {
			isa = PBXNativeTarget;
			buildConfigurationList = 48B2F9A4213F8A0A00B0C6FC /* Build configuration list for PBXNativeTarget "CodeCoverageTests" */;
			buildPhases = (
				48B2F994213F8A0A00B0C6FC /* Sources */,
				48B2F995213F8A0A00B0C6FC /* Frameworks */,
				48B2F996213F8A0A00B0C6FC /* Resources */,
			);
			buildRules = (
			);
			dependencies = (
				48B2F99A213F8A0A00B0C6FC /* PBXTargetDependency */,
			);
			name = CodeCoverageTests;
			productName = CodeCoverageTests;
			productReference = 48B2F998213F8A0A00B0C6FC /* CodeCoverageTests.xctest */;
			productType = "com.apple.product-type.bundle.unit-test";
		};
/* End PBXNativeTarget section */

/* Begin PBXProject section */
		48B2F97C213F8A0800B0C6FC /* Project object */ = {
			isa = PBXProject;
			attributes = {
				LastSwiftUpdateCheck = 1000;
				LastUpgradeCheck = 1000;
				ORGANIZATIONNAME = "Quality Coding";
				TargetAttributes = {
					48B2F983213F8A0800B0C6FC = {
						CreatedOnToolsVersion = 10.0;
						LastSwiftMigration = 1020;
					};
					48B2F997213F8A0A00B0C6FC = {
						CreatedOnToolsVersion = 10.0;
						LastSwiftMigration = 1020;
						TestTargetID = 48B2F983213F8A0800B0C6FC;
					};
				};
			};
			buildConfigurationList = 48B2F97F213F8A0800B0C6FC /* Build configuration list for PBXProject "CodeCoverage" */;
			compatibilityVersion = "Xcode 9.3";
			developmentRegion = en;
			hasScannedForEncodings = 0;
			knownRegions = (
				en,
				Base,
			);
			mainGroup = 48B2F97B213F8A0800B0C6FC;
			productRefGroup = 48B2F985213F8A0800B0C6FC /* Products */;
			projectDirPath = "";
			projectRoot = "";
			targets = (
				48B2F983213F8A0800B0C6FC /* CodeCoverage */,
				48B2F997213F8A0A00B0C6FC /* CodeCoverageTests */,
			);
		};
/* End PBXProject section */

/* Begin PBXResourcesBuildPhase section */
		48B2F982213F8A0800B0C6FC /* Resources */ = {
			isa = PBXResourcesBuildPhase;
			buildActionMask = 2147483647;
			files = (
				48B2F992213F8A0900B0C6FC /* LaunchScreen.storyboard in Resources */,
				48B2F98F213F8A0900B0C6FC /* Assets.xcassets in Resources */,
				48B2F98D213F8A0800B0C6FC /* Main.storyboard in Resources */,
			);
			runOnlyForDeploymentPostprocessing = 0;
		};
		48B2F996213F8A0A00B0C6FC /* Resources */ = {
			isa = PBXResourcesBuildPhase;
			buildActionMask = 2147483647;
			files = (
			);
			runOnlyForDeploymentPostprocessing = 0;
		};
/* End PBXResourcesBuildPhase section */

/* Begin PBXSourcesBuildPhase section */
		48B2F980213F8A0800B0C6FC /* Sources */ = {
			isa = PBXSourcesBuildPhase;
			buildActionMask = 2147483647;
			files = (
				48B2F98A213F8A0800B0C6FC /* ViewController.swift in Sources */,
				48B2F988213F8A0800B0C6FC /* AppDelegate.swift in Sources */,
				BB1707F086E49A0B2AAE9F85 /* CoveredClass.swift in Sources */,
			);
			runOnlyForDeploymentPostprocessing = 0;
		};
		48B2F994213F8A0A00B0C6FC /* Sources */ = {
			isa = PBXSourcesBuildPhase;
			buildActionMask = 2147483647;
			files = (
				BB17001D549E570388F61E20 /* CoveredClassTests.swift in Sources */,
			);
			runOnlyForDeploymentPostprocessing = 0;
		};
/* End PBXSourcesBuildPhase section */

/* Begin PBXTargetDependency section */
		48B2F99A213F8A0A00B0C6FC /* PBXTargetDependency */ = {
			isa = PBXTargetDependency;
			target = 48B2F983213F8A0800B0C6FC /* CodeCoverage */;
			targetProxy = 48B2F999213F8A0A00B0C6FC /* PBXContainerItemProxy */;
		};
/* End PBXTargetDependency section */

/* Begin PBXVariantGroup section */
		48B2F98B213F8A0800B0C6FC /* Main.storyboard */ = {
			isa = PBXVariantGroup;
			children = (
				48B2F98C213F8A0800B0C6FC /* Base */,
			);
			name = Main.storyboard;
			sourceTree = "<group>";
		};
		48B2F990213F8A0900B0C6FC /* LaunchScreen.storyboard */ = {
			isa = PBXVariantGroup;
			children = (
				48B2F991213F8A0900B0C6FC /* Base */,
			);
			name = LaunchScreen.storyboard;
			sourceTree = "<group>";
		};
/* End PBXVariantGroup section */

/* Begin XCBuildConfiguration section */
		48B2F99F213F8A0A00B0C6FC /* Debug */ = {
			isa = XCBuildConfiguration;
			buildSettings = {
				ALWAYS_SEARCH_USER_PATHS = NO;
				CLANG_ANALYZER_NONNULL = YES;
				CLANG_ANALYZER_NUMBER_OBJECT_CONVERSION = YES_AGGRESSIVE;
				CLANG_ENABLE_MODULES = YES;
				CLANG_ENABLE_OBJC_ARC = YES;
				CLANG_ENABLE_OBJC_WEAK = YES;
				CLANG_WARN_BLOCK_CAPTURE_AUTORELEASING = YES;
				CLANG_WARN_BOOL_CONVERSION = YES;
				CLANG_WARN_COMMA = YES;
				CLANG_WARN_CONSTANT_CONVERSION = YES;
				CLANG_WARN_DEPRECATED_OBJC_IMPLEMENTATIONS = YES;
				CLANG_WARN_DIRECT_OBJC_ISA_USAGE = YES_ERROR;
				CLANG_WARN_DOCUMENTATION_COMMENTS = YES;
				CLANG_WARN_EMPTY_BODY = YES;
				CLANG_WARN_ENUM_CONVERSION = YES;
				CLANG_WARN_INFINITE_RECURSION = YES;
				CLANG_WARN_INT_CONVERSION = YES;
				CLANG_WARN_NON_LITERAL_NULL_CONVERSION = YES;
				CLANG_WARN_OBJC_IMPLICIT_RETAIN_SELF = YES;
				CLANG_WARN_OBJC_LITERAL_CONVERSION = YES;
				CLANG_WARN_OBJC_ROOT_CLASS = YES_ERROR;
				CLANG_WARN_RANGE_LOOP_ANALYSIS = YES;
				CLANG_WARN_STRICT_PROTOTYPES = YES;
				CLANG_WARN_SUSPICIOUS_MOVE = YES;
				CLANG_WARN_UNGUARDED_AVAILABILITY = YES_AGGRESSIVE;
				CLANG_WARN_UNREACHABLE_CODE = YES;
				CLANG_WARN__DUPLICATE_METHOD_MATCH = YES;
				COPY_PHASE_STRIP = NO;
				DEBUG_INFORMATION_FORMAT = dwarf;
				ENABLE_STRICT_OBJC_MSGSEND = YES;
				ENABLE_TESTABILITY = YES;
				GCC_DYNAMIC_NO_PIC = NO;
				GCC_NO_COMMON_BLOCKS = YES;
				GCC_OPTIMIZATION_LEVEL = 0;
				GCC_PREPROCESSOR_DEFINITIONS = (
					"DEBUG=1",
					"$(inherited)",
				);
				GCC_WARN_64_TO_32_BIT_CONVERSION = YES;
				GCC_WARN_ABOUT_RETURN_TYPE = YES_ERROR;
				GCC_WARN_UNDECLARED_SELECTOR = YES;
				GCC_WARN_UNINITIALIZED_AUTOS = YES_AGGRESSIVE;
				GCC_WARN_UNUSED_FUNCTION = YES;
				GCC_WARN_UNUSED_VARIABLE = YES;
				MTL_ENABLE_DEBUG_INFO = INCLUDE_SOURCE;
				MTL_FAST_MATH = YES;
				ONLY_ACTIVE_ARCH = YES;
				SDKROOT = iphoneos;
				SWIFT_ACTIVE_COMPILATION_CONDITIONS = DEBUG;
				SWIFT_OPTIMIZATION_LEVEL = "-Onone";
				SWIFT_VERSION = 4.2;
			};
			name = Debug;
		};
		48B2F9A0213F8A0A00B0C6FC /* Release */ = {
			isa = XCBuildConfiguration;
			buildSettings = {
				ALWAYS_SEARCH_USER_PATHS = NO;
				CLANG_ANALYZER_NONNULL = YES;
				CLANG_ANALYZER_NUMBER_OBJECT_CONVERSION = YES_AGGRESSIVE;
				CLANG_ENABLE_MODULES = YES;
				CLANG_ENABLE_OBJC_ARC = YES;
				CLANG_ENABLE_OBJC_WEAK = YES;
				CLANG_WARN_BLOCK_CAPTURE_AUTORELEASING = YES;
				CLANG_WARN_BOOL_CONVERSION = YES;
				CLANG_WARN_COMMA = YES;
				CLANG_WARN_CONSTANT_CONVERSION = YES;
				CLANG_WARN_DEPRECATED_OBJC_IMPLEMENTATIONS = YES;
				CLANG_WARN_DIRECT_OBJC_ISA_USAGE = YES_ERROR;
				CLANG_WARN_DOCUMENTATION_COMMENTS = YES;
				CLANG_WARN_EMPTY_BODY = YES;
				CLANG_WARN_ENUM_CONVERSION = YES;
				CLANG_WARN_INFINITE_RECURSION = YES;
				CLANG_WARN_INT_CONVERSION = YES;
				CLANG_WARN_NON_LITERAL_NULL_CONVERSION = YES;
				CLANG_WARN_OBJC_IMPLICIT_RETAIN_SELF = YES;
				CLANG_WARN_OBJC_LITERAL_CONVERSION = YES;
				CLANG_WARN_OBJC_ROOT_CLASS = YES_ERROR;
				CLANG_WARN_RANGE_LOOP_ANALYSIS = YES;
				CLANG_WARN_STRICT_PROTOTYPES = YES;
				CLANG_WARN_SUSPICIOUS_MOVE = YES;
				CLANG_WARN_UNGUARDED_AVAILABILITY = YES_AGGRESSIVE;
				CLANG_WARN_UNREACHABLE_CODE = YES;
				CLANG_WARN__DUPLICATE_METHOD_MATCH = YES;
				COPY_PHASE_STRIP = NO;
				DEBUG_INFORMATION_FORMAT = "dwarf-with-dsym";
				ENABLE_NS_ASSERTIONS = NO;
				ENABLE_STRICT_OBJC_MSGSEND = YES;
				GCC_NO_COMMON_BLOCKS = YES;
				GCC_WARN_64_TO_32_BIT_CONVERSION = YES;
				GCC_WARN_ABOUT_RETURN_TYPE = YES_ERROR;
				GCC_WARN_UNDECLARED_SELECTOR = YES;
				GCC_WARN_UNINITIALIZED_AUTOS = YES_AGGRESSIVE;
				GCC_WARN_UNUSED_FUNCTION = YES;
				GCC_WARN_UNUSED_VARIABLE = YES;
				MTL_ENABLE_DEBUG_INFO = NO;
				MTL_FAST_MATH = YES;
				SDKROOT = iphoneos;
				SWIFT_COMPILATION_MODE = wholemodule;
				SWIFT_OPTIMIZATION_LEVEL = "-O";
				SWIFT_VERSION = 4.2;
				VALIDATE_PRODUCT = YES;
			};
			name = Release;
		};
		48B2F9A2213F8A0A00B0C6FC /* Debug */ = {
			isa = XCBuildConfiguration;
			buildSettings = {
				ASSETCATALOG_COMPILER_APPICON_NAME = AppIcon;
				INFOPLIST_FILE = CodeCoverage/Info.plist;
				LD_RUNPATH_SEARCH_PATHS = (
					"$(inherited)",
					"@executable_path/Frameworks",
				);
				PRODUCT_BUNDLE_IDENTIFIER = org.qualitycoding.CodeCoverage;
				PRODUCT_NAME = "$(TARGET_NAME)";
				SWIFT_VERSION = 5.0;
				TARGETED_DEVICE_FAMILY = "1,2";
			};
			name = Debug;
		};
		48B2F9A3213F8A0A00B0C6FC /* Release */ = {
			isa = XCBuildConfiguration;
			buildSettings = {
				ASSETCATALOG_COMPILER_APPICON_NAME = AppIcon;
				INFOPLIST_FILE = CodeCoverage/Info.plist;
				LD_RUNPATH_SEARCH_PATHS = (
					"$(inherited)",
					"@executable_path/Frameworks",
				);
				PRODUCT_BUNDLE_IDENTIFIER = org.qualitycoding.CodeCoverage;
				PRODUCT_NAME = "$(TARGET_NAME)";
				SWIFT_VERSION = 5.0;
				TARGETED_DEVICE_FAMILY = "1,2";
			};
			name = Release;
		};
		48B2F9A5213F8A0A00B0C6FC /* Debug */ = {
			isa = XCBuildConfiguration;
			buildSettings = {
				ALWAYS_EMBED_SWIFT_STANDARD_LIBRARIES = YES;
				BUNDLE_LOADER = "$(TEST_HOST)";
				CLANG_ENABLE_MODULES = YES;
				INFOPLIST_FILE = CodeCoverageTests/Info.plist;
				LD_RUNPATH_SEARCH_PATHS = (
					"$(inherited)",
					"@executable_path/Frameworks",
					"@loader_path/Frameworks",
				);
				PRODUCT_BUNDLE_IDENTIFIER = org.qualitycoding.CodeCoverageTests;
				PRODUCT_NAME = "$(TARGET_NAME)";
				SWIFT_OPTIMIZATION_LEVEL = "-Onone";
				SWIFT_VERSION = 5.0;
				TARGETED_DEVICE_FAMILY = "1,2";
				TEST_HOST = "$(BUILT_PRODUCTS_DIR)/CodeCoverage.app/CodeCoverage";
			};
			name = Debug;
		};
		48B2F9A6213F8A0A00B0C6FC /* Release */ = {
			isa = XCBuildConfiguration;
			buildSettings = {
				ALWAYS_EMBED_SWIFT_STANDARD_LIBRARIES = YES;
				BUNDLE_LOADER = "$(TEST_HOST)";
				CLANG_ENABLE_MODULES = YES;
				INFOPLIST_FILE = CodeCoverageTests/Info.plist;
				LD_RUNPATH_SEARCH_PATHS = (
					"$(inherited)",
					"@executable_path/Frameworks",
					"@loader_path/Frameworks",
				);
				PRODUCT_BUNDLE_IDENTIFIER = org.qualitycoding.CodeCoverageTests;
				PRODUCT_NAME = "$(TARGET_NAME)";
				SWIFT_VERSION = 5.0;
				TARGETED_DEVICE_FAMILY = "1,2";
				TEST_HOST = "$(BUILT_PRODUCTS_DIR)/CodeCoverage.app/CodeCoverage";
			};
			name = Release;
		};
/* End XCBuildConfiguration section */

/* Begin XCConfigurationList section */
		48B2F97F213F8A0800B0C6FC /* Build configuration list for PBXProject "CodeCoverage" */ = {
			isa = XCConfigurationList;
			buildConfigurations = (
				48B2F99F213F8A0A00B0C6FC /* Debug */,
				48B2F9A0213F8A0A00B0C6FC /* Release */,
			);
			defaultConfigurationIsVisible = 0;
			defaultConfigurationName = Release;
		};
		48B2F9A1213F8A0A00B0C6FC /* Build configuration list for PBXNativeTarget "CodeCoverage" */ = {
			isa = XCConfigurationList;
			buildConfigurations = (
				48B2F9A2213F8A0A00B0C6FC /* Debug */,
				48B2F9A3213F8A0A00B0C6FC /* Release */,
			);
			defaultConfigurationIsVisible = 0;
			defaultConfigurationName = Release;
		};
		48B2F9A4213F8A0A00B0C6FC /* Build configuration list for PBXNativeTarget "CodeCoverageTests" */ = {
			isa = XCConfigurationList;
			buildConfigurations = (
				48B2F9A5213F8A0A00B0C6FC /* Debug */,
				48B2F9A6213F8A0A00B0C6FC /* Release */,
			);
			defaultConfigurationIsVisible = 0;
			defaultConfigurationName = Release;
		};
/* End XCConfigurationList section */
	};
	rootObject = 48B2F97C213F8A0800B0C6FC /* Project object */;
}
