// !$*UTF8*$!
{
	archiveVersion = 1;
	classes = {
	};
	objectVersion = 46;
	objects = {

/* Begin PBXBuildFile section */
		40D436BF1F0C21300019625D /* main.swift in Sources */ = {isa = PBXBuildFile; fileRef = 40D436BE1F0C21300019625D /* main.swift */; };
		40D436C61F0C21780019625D /* Town.swift in Sources */ = {isa = PBXBuildFile; fileRef = 40D436C51F0C21780019625D /* Town.swift */; };
		40D436C81F0C22800019625D /* Monster.swift in Sources */ = {isa = PBXBuildFile; fileRef = 40D436C71F0C22800019625D /* Monster.swift */; };
		40D436CA1F0C23890019625D /* Zombie.swift in Sources */ = {isa = PBXBuildFile; fileRef = 40D436C91F0C23890019625D /* Zombie.swift */; };
/* End PBXBuildFile section */

/* Begin PBXCopyFilesBuildPhase section */
		40D436B91F0C21300019625D /* CopyFiles */ = {
			isa = PBXCopyFilesBuildPhase;
			buildActionMask = 2147483647;
			dstPath = /usr/share/man/man1/;
			dstSubfolderSpec = 0;
			files = (
			);
			runOnlyForDeploymentPostprocessing = 1;
		};
/* End PBXCopyFilesBuildPhase section */

/* Begin PBXFileReference section */
		40D436BB1F0C21300019625D /* MonsterTown */ = {isa = PBXFileReference; explicitFileType = "compiled.mach-o.executable"; includeInIndex = 0; path = MonsterTown; sourceTree = BUILT_PRODUCTS_DIR; };
		40D436BE1F0C21300019625D /* main.swift */ = {isa = PBXFileReference; lastKnownFileType = sourcecode.swift; path = main.swift; sourceTree = "<group>"; };
		40D436C51F0C21780019625D /* Town.swift */ = {isa = PBXFileReference; fileEncoding = 4; lastKnownFileType = sourcecode.swift; path = Town.swift; sourceTree = "<group>"; };
		40D436C71F0C22800019625D /* Monster.swift */ = {isa = PBXFileReference; fileEncoding = 4; lastKnownFileType = sourcecode.swift; path = Monster.swift; sourceTree = "<group>"; };
		40D436C91F0C23890019625D /* Zombie.swift */ = {isa = PBXFileReference; fileEncoding = 4; lastKnownFileType = sourcecode.swift; path = Zombie.swift; sourceTree = "<group>"; };
/* End PBXFileReference section */

/* Begin PBXFrameworksBuildPhase section */
		40D436B81F0C21300019625D /* Frameworks */ = {
			isa = PBXFrameworksBuildPhase;
			buildActionMask = 2147483647;
			files = (
			);
			runOnlyForDeploymentPostprocessing = 0;
		};
/* End PBXFrameworksBuildPhase section */

/* Begin PBXGroup section */
		40D436B21F0C21300019625D = {
			isa = PBXGroup;
			children = (
				40D436BD1F0C21300019625D /* MonsterTown */,
				40D436BC1F0C21300019625D /* Products */,
			);
			sourceTree = "<group>";
		};
		40D436BC1F0C21300019625D /* Products */ = {
			isa = PBXGroup;
			children = (
				40D436BB1F0C21300019625D /* MonsterTown */,
			);
			name = Products;
			sourceTree = "<group>";
		};
		40D436BD1F0C21300019625D /* MonsterTown */ = {
			isa = PBXGroup;
			children = (
				40D436BE1F0C21300019625D /* main.swift */,
				40D436C51F0C21780019625D /* Town.swift */,
				40D436C71F0C22800019625D /* Monster.swift */,
				40D436C91F0C23890019625D /* Zombie.swift */,
			);
			path = MonsterTown;
			sourceTree = "<group>";
		};
/* End PBXGroup section */

/* Begin PBXNativeTarget section */
		40D436BA1F0C21300019625D /* MonsterTown */ = {
			isa = PBXNativeTarget;
			buildConfigurationList = 40D436C21F0C21300019625D /* Build configuration list for PBXNativeTarget "MonsterTown" */;
			buildPhases = (
				40D436B71F0C21300019625D /* Sources */,
				40D436B81F0C21300019625D /* Frameworks */,
				40D436B91F0C21300019625D /* CopyFiles */,
			);
			buildRules = (
			);
			dependencies = (
			);
			name = MonsterTown;
			productName = MonsterTown;
			productReference = 40D436BB1F0C21300019625D /* MonsterTown */;
			productType = "com.apple.product-type.tool";
		};
/* End PBXNativeTarget section */

/* Begin PBXProject section */
		40D436B31F0C21300019625D /* Project object */ = {
			isa = PBXProject;
			attributes = {
				LastSwiftUpdateCheck = 0830;
				LastUpgradeCheck = 0830;
				ORGANIZATIONNAME = com.arunsivakumar;
				TargetAttributes = {
					40D436BA1F0C21300019625D = {
						CreatedOnToolsVersion = 8.3.3;
						DevelopmentTeam = Q5S947L7K7;
						ProvisioningStyle = Automatic;
					};
				};
			};
			buildConfigurationList = 40D436B61F0C21300019625D /* Build configuration list for PBXProject "MonsterTown" */;
			compatibilityVersion = "Xcode 3.2";
			developmentRegion = English;
			hasScannedForEncodings = 0;
			knownRegions = (
				en,
			);
			mainGroup = 40D436B21F0C21300019625D;
			productRefGroup = 40D436BC1F0C21300019625D /* Products */;
			projectDirPath = "";
			projectRoot = "";
			targets = (
				40D436BA1F0C21300019625D /* MonsterTown */,
			);
		};
/* End PBXProject section */

/* Begin PBXSourcesBuildPhase section */
		40D436B71F0C21300019625D /* Sources */ = {
			isa = PBXSourcesBuildPhase;
			buildActionMask = 2147483647;
			files = (
				40D436BF1F0C21300019625D /* main.swift in Sources */,
				40D436CA1F0C23890019625D /* Zombie.swift in Sources */,
				40D436C81F0C22800019625D /* Monster.swift in Sources */,
				40D436C61F0C21780019625D /* Town.swift in Sources */,
			);
			runOnlyForDeploymentPostprocessing = 0;
		};
/* End PBXSourcesBuildPhase section */

/* Begin XCBuildConfiguration section */
		40D436C01F0C21300019625D /* Debug */ = {
			isa = XCBuildConfiguration;
			buildSettings = {
				ALWAYS_SEARCH_USER_PATHS = NO;
				CLANG_ANALYZER_NONNULL = YES;
				CLANG_ANALYZER_NUMBER_OBJECT_CONVERSION = YES_AGGRESSIVE;
				CLANG_CXX_LANGUAGE_STANDARD = "gnu++0x";
				CLANG_CXX_LIBRARY = "libc++";
				CLANG_ENABLE_MODULES = YES;
				CLANG_ENABLE_OBJC_ARC = YES;
				CLANG_WARN_BOOL_CONVERSION = YES;
				CLANG_WARN_CONSTANT_CONVERSION = YES;
				CLANG_WARN_DIRECT_OBJC_ISA_USAGE = YES_ERROR;
				CLANG_WARN_DOCUMENTATION_COMMENTS = YES;
				CLANG_WARN_EMPTY_BODY = YES;
				CLANG_WARN_ENUM_CONVERSION = YES;
				CLANG_WARN_INFINITE_RECURSION = YES;
				CLANG_WARN_INT_CONVERSION = YES;
				CLANG_WARN_OBJC_ROOT_CLASS = YES_ERROR;
				CLANG_WARN_SUSPICIOUS_MOVE = YES;
				CLANG_WARN_UNREACHABLE_CODE = YES;
				CLANG_WARN__DUPLICATE_METHOD_MATCH = YES;
				CODE_SIGN_IDENTITY = "-";
				COPY_PHASE_STRIP = NO;
				DEBUG_INFORMATION_FORMAT = dwarf;
				ENABLE_STRICT_OBJC_MSGSEND = YES;
				ENABLE_TESTABILITY = YES;
				GCC_C_LANGUAGE_STANDARD = gnu99;
				GCC_DYNAMIC_NO_PIC = NO;
				GCC_NO_COMMON_BLOCKS = YES;
				GCC_OPTIMIZATION_LEVEL = 0;
				GCC_PREPROCESSOR_DEFINITIONS = (
					"DEBUG=1",
					"$(inherited)",
				);
				GCC_WARN_64_TO_32_BIT_CONVERSION = YES;
				GCC_WARN_ABOUT_RETURN_TYPE = YES_ERROR;
				GCC_WARN_UNDECLARED_SELECTOR = YES;
				GCC_WARN_UNINITIALIZED_AUTOS = YES_AGGRESSIVE;
				GCC_WARN_UNUSED_FUNCTION = YES;
				GCC_WARN_UNUSED_VARIABLE = YES;
				MACOSX_DEPLOYMENT_TARGET = 10.12;
				MTL_ENABLE_DEBUG_INFO = YES;
				ONLY_ACTIVE_ARCH = YES;
				SDKROOT = macosx;
				SWIFT_OPTIMIZATION_LEVEL = "-Onone";
			};
			name = Debug;
		};
		40D436C11F0C21300019625D /* Release */ = {
			isa = XCBuildConfiguration;
			buildSettings = {
				ALWAYS_SEARCH_USER_PATHS = NO;
				CLANG_ANALYZER_NONNULL = YES;
				CLANG_ANALYZER_NUMBER_OBJECT_CONVERSION = YES_AGGRESSIVE;
				CLANG_CXX_LANGUAGE_STANDARD = "gnu++0x";
				CLANG_CXX_LIBRARY = "libc++";
				CLANG_ENABLE_MODULES = YES;
				CLANG_ENABLE_OBJC_ARC = YES;
				CLANG_WARN_BOOL_CONVERSION = YES;
				CLANG_WARN_CONSTANT_CONVERSION = YES;
				CLANG_WARN_DIRECT_OBJC_ISA_USAGE = YES_ERROR;
				CLANG_WARN_DOCUMENTATION_COMMENTS = YES;
				CLANG_WARN_EMPTY_BODY = YES;
				CLANG_WARN_ENUM_CONVERSION = YES;
				CLANG_WARN_INFINITE_RECURSION = YES;
				CLANG_WARN_INT_CONVERSION = YES;
				CLANG_WARN_OBJC_ROOT_CLASS = YES_ERROR;
				CLANG_WARN_SUSPICIOUS_MOVE = YES;
				CLANG_WARN_UNREACHABLE_CODE = YES;
				CLANG_WARN__DUPLICATE_METHOD_MATCH = YES;
				CODE_SIGN_IDENTITY = "-";
				COPY_PHASE_STRIP = NO;
				DEBUG_INFORMATION_FORMAT = "dwarf-with-dsym";
				ENABLE_NS_ASSERTIONS = NO;
				ENABLE_STRICT_OBJC_MSGSEND = YES;
				GCC_C_LANGUAGE_STANDARD = gnu99;
				GCC_NO_COMMON_BLOCKS = YES;
				GCC_WARN_64_TO_32_BIT_CONVERSION = YES;
				GCC_WARN_ABOUT_RETURN_TYPE = YES_ERROR;
				GCC_WARN_UNDECLARED_SELECTOR = YES;
				GCC_WARN_UNINITIALIZED_AUTOS = YES_AGGRESSIVE;
				GCC_WARN_UNUSED_FUNCTION = YES;
				GCC_WARN_UNUSED_VARIABLE = YES;
				MACOSX_DEPLOYMENT_TARGET = 10.12;
				MTL_ENABLE_DEBUG_INFO = NO;
				SDKROOT = macosx;
			};
			name = Release;
		};
		40D436C31F0C21300019625D /* Debug */ = {
			isa = XCBuildConfiguration;
			buildSettings = {
				DEVELOPMENT_TEAM = Q5S947L7K7;
				PRODUCT_NAME = "$(TARGET_NAME)";
				SWIFT_VERSION = 3.0;
			};
			name = Debug;
		};
		40D436C41F0C21300019625D /* Release */ = {
			isa = XCBuildConfiguration;
			buildSettings = {
				DEVELOPMENT_TEAM = Q5S947L7K7;
				PRODUCT_NAME = "$(TARGET_NAME)";
				SWIFT_VERSION = 3.0;
			};
			name = Release;
		};
/* End XCBuildConfiguration section */

/* Begin XCConfigurationList section */
		40D436B61F0C21300019625D /* Build configuration list for PBXProject "MonsterTown" */ = {
			isa = XCConfigurationList;
			buildConfigurations = (
				40D436C01F0C21300019625D /* Debug */,
				40D436C11F0C21300019625D /* Release */,
			);
			defaultConfigurationIsVisible = 0;
			defaultConfigurationName = Release;
		};
		40D436C21F0C21300019625D /* Build configuration list for PBXNativeTarget "MonsterTown" */ = {
			isa = XCConfigurationList;
			buildConfigurations = (
				40D436C31F0C21300019625D /* Debug */,
				40D436C41F0C21300019625D /* Release */,
			);
			defaultConfigurationIsVisible = 0;
			defaultConfigurationName = Release;
		};
/* End XCConfigurationList section */
	};
	rootObject = 40D436B31F0C21300019625D /* Project object */;
}
