// !$*UTF8*$!
{
	archiveVersion = 1;
	classes = {
	};
	objectVersion = 46;
	objects = {

/* Begin PBXBuildFile section */
		4000EBA51EC53C4A00236152 /* AppDelegate.swift in Sources */ = {isa = PBXBuildFile; fileRef = 4000EBA41EC53C4A00236152 /* AppDelegate.swift */; };
		4000EBAA1EC53C4A00236152 /* Main.storyboard in Resources */ = {isa = PBXBuildFile; fileRef = 4000EBA81EC53C4A00236152 /* Main.storyboard */; };
		4000EBAC1EC53C4A00236152 /* Assets.xcassets in Resources */ = {isa = PBXBuildFile; fileRef = 4000EBAB1EC53C4A00236152 /* Assets.xcassets */; };
		4000EBAF1EC53C4A00236152 /* LaunchScreen.storyboard in Resources */ = {isa = PBXBuildFile; fileRef = 4000EBAD1EC53C4A00236152 /* LaunchScreen.storyboard */; };
		4000EBB71EC53C9300236152 /* TweetTableViewController.swift in Sources */ = {isa = PBXBuildFile; fileRef = 4000EBB61EC53C9300236152 /* TweetTableViewController.swift */; };
		4000EBBC1EC540DD00236152 /* Twitter.framework in Frameworks */ = {isa = PBXBuildFile; fileRef = 4000EBB81EC540C300236152 /* Twitter.framework */; };
		4000EBBD1EC540DD00236152 /* Twitter.framework in Embed Frameworks */ = {isa = PBXBuildFile; fileRef = 4000EBB81EC540C300236152 /* Twitter.framework */; settings = {ATTRIBUTES = (CodeSignOnCopy, RemoveHeadersOnCopy, ); }; };
		4000EBC01EC5493100236152 /* TweetTableViewCell.swift in Sources */ = {isa = PBXBuildFile; fileRef = 4000EBBF1EC5493100236152 /* TweetTableViewCell.swift */; };
		408268501ECC893E009618CB /* Smash.xcdatamodeld in Sources */ = {isa = PBXBuildFile; fileRef = 4082684E1ECC893E009618CB /* Smash.xcdatamodeld */; };
		408268521ECC8AFA009618CB /* Tweet.swift in Sources */ = {isa = PBXBuildFile; fileRef = 408268511ECC8AFA009618CB /* Tweet.swift */; };
		408268541ECC8B15009618CB /* TweetUser.swift in Sources */ = {isa = PBXBuildFile; fileRef = 408268531ECC8B15009618CB /* TweetUser.swift */; };
		408268561ECC8D39009618CB /* SmashTweetTableViewController.swift in Sources */ = {isa = PBXBuildFile; fileRef = 408268551ECC8D39009618CB /* SmashTweetTableViewController.swift */; };
/* End PBXBuildFile section */

/* Begin PBXCopyFilesBuildPhase section */
		4000EBBE1EC540DD00236152 /* Embed Frameworks */ = {
			isa = PBXCopyFilesBuildPhase;
			buildActionMask = 2147483647;
			dstPath = "";
			dstSubfolderSpec = 10;
			files = (
				4000EBBD1EC540DD00236152 /* Twitter.framework in Embed Frameworks */,
			);
			name = "Embed Frameworks";
			runOnlyForDeploymentPostprocessing = 0;
		};
/* End PBXCopyFilesBuildPhase section */

/* Begin PBXFileReference section */
		4000EBA11EC53C4A00236152 /* SmashTag.app */ = {isa = PBXFileReference; explicitFileType = wrapper.application; includeInIndex = 0; path = SmashTag.app; sourceTree = BUILT_PRODUCTS_DIR; };
		4000EBA41EC53C4A00236152 /* AppDelegate.swift */ = {isa = PBXFileReference; lastKnownFileType = sourcecode.swift; path = AppDelegate.swift; sourceTree = "<group>"; };
		4000EBA91EC53C4A00236152 /* Base */ = {isa = PBXFileReference; lastKnownFileType = file.storyboard; name = Base; path = Base.lproj/Main.storyboard; sourceTree = "<group>"; };
		4000EBAB1EC53C4A00236152 /* Assets.xcassets */ = {isa = PBXFileReference; lastKnownFileType = folder.assetcatalog; path = Assets.xcassets; sourceTree = "<group>"; };
		4000EBAE1EC53C4A00236152 /* Base */ = {isa = PBXFileReference; lastKnownFileType = file.storyboard; name = Base; path = Base.lproj/LaunchScreen.storyboard; sourceTree = "<group>"; };
		4000EBB01EC53C4A00236152 /* Info.plist */ = {isa = PBXFileReference; lastKnownFileType = text.plist.xml; path = Info.plist; sourceTree = "<group>"; };
		4000EBB61EC53C9300236152 /* TweetTableViewController.swift */ = {isa = PBXFileReference; fileEncoding = 4; lastKnownFileType = sourcecode.swift; path = TweetTableViewController.swift; sourceTree = "<group>"; };
		4000EBB81EC540C300236152 /* Twitter.framework */ = {isa = PBXFileReference; explicitFileType = wrapper.framework; path = Twitter.framework; sourceTree = BUILT_PRODUCTS_DIR; };
		4000EBBF1EC5493100236152 /* TweetTableViewCell.swift */ = {isa = PBXFileReference; fileEncoding = 4; lastKnownFileType = sourcecode.swift; path = TweetTableViewCell.swift; sourceTree = "<group>"; };
		4082684F1ECC893E009618CB /* Smash.xcdatamodel */ = {isa = PBXFileReference; lastKnownFileType = wrapper.xcdatamodel; path = Smash.xcdatamodel; sourceTree = "<group>"; };
		408268511ECC8AFA009618CB /* Tweet.swift */ = {isa = PBXFileReference; fileEncoding = 4; lastKnownFileType = sourcecode.swift; path = Tweet.swift; sourceTree = "<group>"; };
		408268531ECC8B15009618CB /* TweetUser.swift */ = {isa = PBXFileReference; fileEncoding = 4; lastKnownFileType = sourcecode.swift; path = TweetUser.swift; sourceTree = "<group>"; };
		408268551ECC8D39009618CB /* SmashTweetTableViewController.swift */ = {isa = PBXFileReference; fileEncoding = 4; lastKnownFileType = sourcecode.swift; path = SmashTweetTableViewController.swift; sourceTree = "<group>"; };
/* End PBXFileReference section */

/* Begin PBXFrameworksBuildPhase section */
		4000EB9E1EC53C4A00236152 /* Frameworks */ = {
			isa = PBXFrameworksBuildPhase;
			buildActionMask = 2147483647;
			files = (
				4000EBBC1EC540DD00236152 /* Twitter.framework in Frameworks */,
			);
			runOnlyForDeploymentPostprocessing = 0;
		};
/* End PBXFrameworksBuildPhase section */

/* Begin PBXGroup section */
		4000EB981EC53C4A00236152 = {
			isa = PBXGroup;
			children = (
				4000EBB81EC540C300236152 /* Twitter.framework */,
				4000EBA31EC53C4A00236152 /* SmashTag */,
				4000EBA21EC53C4A00236152 /* Products */,
			);
			sourceTree = "<group>";
		};
		4000EBA21EC53C4A00236152 /* Products */ = {
			isa = PBXGroup;
			children = (
				4000EBA11EC53C4A00236152 /* SmashTag.app */,
			);
			name = Products;
			sourceTree = "<group>";
		};
		4000EBA31EC53C4A00236152 /* SmashTag */ = {
			isa = PBXGroup;
			children = (
				4000EBA41EC53C4A00236152 /* AppDelegate.swift */,
				4082684E1ECC893E009618CB /* Smash.xcdatamodeld */,
				408268511ECC8AFA009618CB /* Tweet.swift */,
				408268531ECC8B15009618CB /* TweetUser.swift */,
				4000EBA81EC53C4A00236152 /* Main.storyboard */,
				4000EBB61EC53C9300236152 /* TweetTableViewController.swift */,
				408268551ECC8D39009618CB /* SmashTweetTableViewController.swift */,
				4000EBBF1EC5493100236152 /* TweetTableViewCell.swift */,
				4000EBAB1EC53C4A00236152 /* Assets.xcassets */,
				4000EBAD1EC53C4A00236152 /* LaunchScreen.storyboard */,
				4000EBB01EC53C4A00236152 /* Info.plist */,
			);
			path = SmashTag;
			sourceTree = "<group>";
		};
/* End PBXGroup section */

/* Begin PBXNativeTarget section */
		4000EBA01EC53C4A00236152 /* SmashTag */ = {
			isa = PBXNativeTarget;
			buildConfigurationList = 4000EBB31EC53C4A00236152 /* Build configuration list for PBXNativeTarget "SmashTag" */;
			buildPhases = (
				4000EB9D1EC53C4A00236152 /* Sources */,
				4000EB9E1EC53C4A00236152 /* Frameworks */,
				4000EB9F1EC53C4A00236152 /* Resources */,
				4000EBBE1EC540DD00236152 /* Embed Frameworks */,
			);
			buildRules = (
			);
			dependencies = (
			);
			name = SmashTag;
			productName = SmashTag;
			productReference = 4000EBA11EC53C4A00236152 /* SmashTag.app */;
			productType = "com.apple.product-type.application";
		};
/* End PBXNativeTarget section */

/* Begin PBXProject section */
		4000EB991EC53C4A00236152 /* Project object */ = {
			isa = PBXProject;
			attributes = {
				LastSwiftUpdateCheck = 0830;
				LastUpgradeCheck = 0830;
				ORGANIZATIONNAME = com.arunsivakumar;
				TargetAttributes = {
					4000EBA01EC53C4A00236152 = {
						CreatedOnToolsVersion = 8.3.2;
						DevelopmentTeam = Q5S947L7K7;
						ProvisioningStyle = Automatic;
					};
				};
			};
			buildConfigurationList = 4000EB9C1EC53C4A00236152 /* Build configuration list for PBXProject "SmashTag" */;
			compatibilityVersion = "Xcode 3.2";
			developmentRegion = English;
			hasScannedForEncodings = 0;
			knownRegions = (
				en,
				Base,
			);
			mainGroup = 4000EB981EC53C4A00236152;
			productRefGroup = 4000EBA21EC53C4A00236152 /* Products */;
			projectDirPath = "";
			projectRoot = "";
			targets = (
				4000EBA01EC53C4A00236152 /* SmashTag */,
			);
		};
/* End PBXProject section */

/* Begin PBXResourcesBuildPhase section */
		4000EB9F1EC53C4A00236152 /* Resources */ = {
			isa = PBXResourcesBuildPhase;
			buildActionMask = 2147483647;
			files = (
				4000EBAF1EC53C4A00236152 /* LaunchScreen.storyboard in Resources */,
				4000EBAC1EC53C4A00236152 /* Assets.xcassets in Resources */,
				4000EBAA1EC53C4A00236152 /* Main.storyboard in Resources */,
			);
			runOnlyForDeploymentPostprocessing = 0;
		};
/* End PBXResourcesBuildPhase section */

/* Begin PBXSourcesBuildPhase section */
		4000EB9D1EC53C4A00236152 /* Sources */ = {
			isa = PBXSourcesBuildPhase;
			buildActionMask = 2147483647;
			files = (
				408268561ECC8D39009618CB /* SmashTweetTableViewController.swift in Sources */,
				4000EBA51EC53C4A00236152 /* AppDelegate.swift in Sources */,
				408268521ECC8AFA009618CB /* Tweet.swift in Sources */,
				4000EBB71EC53C9300236152 /* TweetTableViewController.swift in Sources */,
				408268501ECC893E009618CB /* Smash.xcdatamodeld in Sources */,
				408268541ECC8B15009618CB /* TweetUser.swift in Sources */,
				4000EBC01EC5493100236152 /* TweetTableViewCell.swift in Sources */,
			);
			runOnlyForDeploymentPostprocessing = 0;
		};
/* End PBXSourcesBuildPhase section */

/* Begin PBXVariantGroup section */
		4000EBA81EC53C4A00236152 /* Main.storyboard */ = {
			isa = PBXVariantGroup;
			children = (
				4000EBA91EC53C4A00236152 /* Base */,
			);
			name = Main.storyboard;
			sourceTree = "<group>";
		};
		4000EBAD1EC53C4A00236152 /* LaunchScreen.storyboard */ = {
			isa = PBXVariantGroup;
			children = (
				4000EBAE1EC53C4A00236152 /* Base */,
			);
			name = LaunchScreen.storyboard;
			sourceTree = "<group>";
		};
/* End PBXVariantGroup section */

/* Begin XCBuildConfiguration section */
		4000EBB11EC53C4A00236152 /* Debug */ = {
			isa = XCBuildConfiguration;
			buildSettings = {
				ALWAYS_SEARCH_USER_PATHS = NO;
				CLANG_ANALYZER_NONNULL = YES;
				CLANG_ANALYZER_NUMBER_OBJECT_CONVERSION = YES_AGGRESSIVE;
				CLANG_CXX_LANGUAGE_STANDARD = "gnu++0x";
				CLANG_CXX_LIBRARY = "libc++";
				CLANG_ENABLE_MODULES = YES;
				CLANG_ENABLE_OBJC_ARC = YES;
				CLANG_WARN_BOOL_CONVERSION = YES;
				CLANG_WARN_CONSTANT_CONVERSION = YES;
				CLANG_WARN_DIRECT_OBJC_ISA_USAGE = YES_ERROR;
				CLANG_WARN_DOCUMENTATION_COMMENTS = YES;
				CLANG_WARN_EMPTY_BODY = YES;
				CLANG_WARN_ENUM_CONVERSION = YES;
				CLANG_WARN_INFINITE_RECURSION = YES;
				CLANG_WARN_INT_CONVERSION = YES;
				CLANG_WARN_OBJC_ROOT_CLASS = YES_ERROR;
				CLANG_WARN_SUSPICIOUS_MOVE = YES;
				CLANG_WARN_UNREACHABLE_CODE = YES;
				CLANG_WARN__DUPLICATE_METHOD_MATCH = YES;
				"CODE_SIGN_IDENTITY[sdk=iphoneos*]" = "iPhone Developer";
				COPY_PHASE_STRIP = NO;
				DEBUG_INFORMATION_FORMAT = dwarf;
				ENABLE_STRICT_OBJC_MSGSEND = YES;
				ENABLE_TESTABILITY = YES;
				GCC_C_LANGUAGE_STANDARD = gnu99;
				GCC_DYNAMIC_NO_PIC = NO;
				GCC_NO_COMMON_BLOCKS = YES;
				GCC_OPTIMIZATION_LEVEL = 0;
				GCC_PREPROCESSOR_DEFINITIONS = (
					"DEBUG=1",
					"$(inherited)",
				);
				GCC_WARN_64_TO_32_BIT_CONVERSION = YES;
				GCC_WARN_ABOUT_RETURN_TYPE = YES_ERROR;
				GCC_WARN_UNDECLARED_SELECTOR = YES;
				GCC_WARN_UNINITIALIZED_AUTOS = YES_AGGRESSIVE;
				GCC_WARN_UNUSED_FUNCTION = YES;
				GCC_WARN_UNUSED_VARIABLE = YES;
				IPHONEOS_DEPLOYMENT_TARGET = 10.3;
				MTL_ENABLE_DEBUG_INFO = YES;
				ONLY_ACTIVE_ARCH = YES;
				SDKROOT = iphoneos;
				SWIFT_ACTIVE_COMPILATION_CONDITIONS = DEBUG;
				SWIFT_OPTIMIZATION_LEVEL = "-Onone";
			};
			name = Debug;
		};
		4000EBB21EC53C4A00236152 /* Release */ = {
			isa = XCBuildConfiguration;
			buildSettings = {
				ALWAYS_SEARCH_USER_PATHS = NO;
				CLANG_ANALYZER_NONNULL = YES;
				CLANG_ANALYZER_NUMBER_OBJECT_CONVERSION = YES_AGGRESSIVE;
				CLANG_CXX_LANGUAGE_STANDARD = "gnu++0x";
				CLANG_CXX_LIBRARY = "libc++";
				CLANG_ENABLE_MODULES = YES;
				CLANG_ENABLE_OBJC_ARC = YES;
				CLANG_WARN_BOOL_CONVERSION = YES;
				CLANG_WARN_CONSTANT_CONVERSION = YES;
				CLANG_WARN_DIRECT_OBJC_ISA_USAGE = YES_ERROR;
				CLANG_WARN_DOCUMENTATION_COMMENTS = YES;
				CLANG_WARN_EMPTY_BODY = YES;
				CLANG_WARN_ENUM_CONVERSION = YES;
				CLANG_WARN_INFINITE_RECURSION = YES;
				CLANG_WARN_INT_CONVERSION = YES;
				CLANG_WARN_OBJC_ROOT_CLASS = YES_ERROR;
				CLANG_WARN_SUSPICIOUS_MOVE = YES;
				CLANG_WARN_UNREACHABLE_CODE = YES;
				CLANG_WARN__DUPLICATE_METHOD_MATCH = YES;
				"CODE_SIGN_IDENTITY[sdk=iphoneos*]" = "iPhone Developer";
				COPY_PHASE_STRIP = NO;
				DEBUG_INFORMATION_FORMAT = "dwarf-with-dsym";
				ENABLE_NS_ASSERTIONS = NO;
				ENABLE_STRICT_OBJC_MSGSEND = YES;
				GCC_C_LANGUAGE_STANDARD = gnu99;
				GCC_NO_COMMON_BLOCKS = YES;
				GCC_WARN_64_TO_32_BIT_CONVERSION = YES;
				GCC_WARN_ABOUT_RETURN_TYPE = YES_ERROR;
				GCC_WARN_UNDECLARED_SELECTOR = YES;
				GCC_WARN_UNINITIALIZED_AUTOS = YES_AGGRESSIVE;
				GCC_WARN_UNUSED_FUNCTION = YES;
				GCC_WARN_UNUSED_VARIABLE = YES;
				IPHONEOS_DEPLOYMENT_TARGET = 10.3;
				MTL_ENABLE_DEBUG_INFO = NO;
				SDKROOT = iphoneos;
				SWIFT_OPTIMIZATION_LEVEL = "-Owholemodule";
				VALIDATE_PRODUCT = YES;
			};
			name = Release;
		};
		4000EBB41EC53C4A00236152 /* Debug */ = {
			isa = XCBuildConfiguration;
			buildSettings = {
				ASSETCATALOG_COMPILER_APPICON_NAME = AppIcon;
				DEVELOPMENT_TEAM = Q5S947L7K7;
				INFOPLIST_FILE = SmashTag/Info.plist;
				LD_RUNPATH_SEARCH_PATHS = "$(inherited) @executable_path/Frameworks";
				PRODUCT_BUNDLE_IDENTIFIER = com.arunsivakumar.SmashTag;
				PRODUCT_NAME = "$(TARGET_NAME)";
				SWIFT_VERSION = 3.0;
			};
			name = Debug;
		};
		4000EBB51EC53C4A00236152 /* Release */ = {
			isa = XCBuildConfiguration;
			buildSettings = {
				ASSETCATALOG_COMPILER_APPICON_NAME = AppIcon;
				DEVELOPMENT_TEAM = Q5S947L7K7;
				INFOPLIST_FILE = SmashTag/Info.plist;
				LD_RUNPATH_SEARCH_PATHS = "$(inherited) @executable_path/Frameworks";
				PRODUCT_BUNDLE_IDENTIFIER = com.arunsivakumar.SmashTag;
				PRODUCT_NAME = "$(TARGET_NAME)";
				SWIFT_VERSION = 3.0;
			};
			name = Release;
		};
/* End XCBuildConfiguration section */

/* Begin XCConfigurationList section */
		4000EB9C1EC53C4A00236152 /* Build configuration list for PBXProject "SmashTag" */ = {
			isa = XCConfigurationList;
			buildConfigurations = (
				4000EBB11EC53C4A00236152 /* Debug */,
				4000EBB21EC53C4A00236152 /* Release */,
			);
			defaultConfigurationIsVisible = 0;
			defaultConfigurationName = Release;
		};
		4000EBB31EC53C4A00236152 /* Build configuration list for PBXNativeTarget "SmashTag" */ = {
			isa = XCConfigurationList;
			buildConfigurations = (
				4000EBB41EC53C4A00236152 /* Debug */,
				4000EBB51EC53C4A00236152 /* Release */,
			);
			defaultConfigurationIsVisible = 0;
			defaultConfigurationName = Release;
		};
/* End XCConfigurationList section */

/* Begin XCVersionGroup section */
		4082684E1ECC893E009618CB /* Smash.xcdatamodeld */ = {
			isa = XCVersionGroup;
			children = (
				4082684F1ECC893E009618CB /* Smash.xcdatamodel */,
			);
			currentVersion = 4082684F1ECC893E009618CB /* Smash.xcdatamodel */;
			path = Smash.xcdatamodeld;
			sourceTree = "<group>";
			versionGroupType = wrapper.xcdatamodel;
		};
/* End XCVersionGroup section */
	};
	rootObject = 4000EB991EC53C4A00236152 /* Project object */;
}
