// !$*UTF8*$!
{
	archiveVersion = 1;
	classes = {
	};
	objectVersion = 46;
	objects = {

/* Begin PBXBuildFile section */
		40B31B781E07219100B3EB6F /* AppDelegate.swift in Sources */ = {isa = PBXBuildFile; fileRef = 40B31B771E07219100B3EB6F /* AppDelegate.swift */; };
		40B31B7A1E07219100B3EB6F /* PhotosViewController.swift in Sources */ = {isa = PBXBuildFile; fileRef = 40B31B791E07219100B3EB6F /* PhotosViewController.swift */; };
		40B31B7D1E07219100B3EB6F /* Main.storyboard in Resources */ = {isa = PBXBuildFile; fileRef = 40B31B7B1E07219100B3EB6F /* Main.storyboard */; };
		40B31B7F1E07219100B3EB6F /* Assets.xcassets in Resources */ = {isa = PBXBuildFile; fileRef = 40B31B7E1E07219100B3EB6F /* Assets.xcassets */; };
		40B31B821E07219100B3EB6F /* LaunchScreen.storyboard in Resources */ = {isa = PBXBuildFile; fileRef = 40B31B801E07219100B3EB6F /* LaunchScreen.storyboard */; };
		40B31B8A1E07230000B3EB6F /* FlickrAPI.swift in Sources */ = {isa = PBXBuildFile; fileRef = 40B31B891E07230000B3EB6F /* FlickrAPI.swift */; };
		40B31B8C1E072A0B00B3EB6F /* PhotoStore.swift in Sources */ = {isa = PBXBuildFile; fileRef = 40B31B8B1E072A0B00B3EB6F /* PhotoStore.swift */; };
		40B31B8E1E072D2800B3EB6F /* Photo.swift in Sources */ = {isa = PBXBuildFile; fileRef = 40B31B8D1E072D2800B3EB6F /* Photo.swift */; };
		40B31B901E074B6000B3EB6F /* PhotoDataSource.swift in Sources */ = {isa = PBXBuildFile; fileRef = 40B31B8F1E074B6000B3EB6F /* PhotoDataSource.swift */; };
		40B31B921E074E2A00B3EB6F /* PhotoCollectionViewCell.swift in Sources */ = {isa = PBXBuildFile; fileRef = 40B31B911E074E2A00B3EB6F /* PhotoCollectionViewCell.swift */; };
		40B31B941E07597C00B3EB6F /* PhotoInfoViewController.swift in Sources */ = {isa = PBXBuildFile; fileRef = 40B31B931E07597C00B3EB6F /* PhotoInfoViewController.swift */; };
/* End PBXBuildFile section */

/* Begin PBXFileReference section */
		40B31B741E07219100B3EB6F /* Photorama.app */ = {isa = PBXFileReference; explicitFileType = wrapper.application; includeInIndex = 0; path = Photorama.app; sourceTree = BUILT_PRODUCTS_DIR; };
		40B31B771E07219100B3EB6F /* AppDelegate.swift */ = {isa = PBXFileReference; lastKnownFileType = sourcecode.swift; path = AppDelegate.swift; sourceTree = "<group>"; };
		40B31B791E07219100B3EB6F /* PhotosViewController.swift */ = {isa = PBXFileReference; lastKnownFileType = sourcecode.swift; path = PhotosViewController.swift; sourceTree = "<group>"; };
		40B31B7C1E07219100B3EB6F /* Base */ = {isa = PBXFileReference; lastKnownFileType = file.storyboard; name = Base; path = Base.lproj/Main.storyboard; sourceTree = "<group>"; };
		40B31B7E1E07219100B3EB6F /* Assets.xcassets */ = {isa = PBXFileReference; lastKnownFileType = folder.assetcatalog; path = Assets.xcassets; sourceTree = "<group>"; };
		40B31B811E07219100B3EB6F /* Base */ = {isa = PBXFileReference; lastKnownFileType = file.storyboard; name = Base; path = Base.lproj/LaunchScreen.storyboard; sourceTree = "<group>"; };
		40B31B831E07219100B3EB6F /* Info.plist */ = {isa = PBXFileReference; lastKnownFileType = text.plist.xml; path = Info.plist; sourceTree = "<group>"; };
		40B31B891E07230000B3EB6F /* FlickrAPI.swift */ = {isa = PBXFileReference; fileEncoding = 4; lastKnownFileType = sourcecode.swift; path = FlickrAPI.swift; sourceTree = "<group>"; };
		40B31B8B1E072A0B00B3EB6F /* PhotoStore.swift */ = {isa = PBXFileReference; fileEncoding = 4; lastKnownFileType = sourcecode.swift; path = PhotoStore.swift; sourceTree = "<group>"; };
		40B31B8D1E072D2800B3EB6F /* Photo.swift */ = {isa = PBXFileReference; fileEncoding = 4; lastKnownFileType = sourcecode.swift; path = Photo.swift; sourceTree = "<group>"; };
		40B31B8F1E074B6000B3EB6F /* PhotoDataSource.swift */ = {isa = PBXFileReference; fileEncoding = 4; lastKnownFileType = sourcecode.swift; path = PhotoDataSource.swift; sourceTree = "<group>"; };
		40B31B911E074E2A00B3EB6F /* PhotoCollectionViewCell.swift */ = {isa = PBXFileReference; fileEncoding = 4; lastKnownFileType = sourcecode.swift; path = PhotoCollectionViewCell.swift; sourceTree = "<group>"; };
		40B31B931E07597C00B3EB6F /* PhotoInfoViewController.swift */ = {isa = PBXFileReference; fileEncoding = 4; lastKnownFileType = sourcecode.swift; path = PhotoInfoViewController.swift; sourceTree = "<group>"; };
/* End PBXFileReference section */

/* Begin PBXFrameworksBuildPhase section */
		40B31B711E07219100B3EB6F /* Frameworks */ = {
			isa = PBXFrameworksBuildPhase;
			buildActionMask = 2147483647;
			files = (
			);
			runOnlyForDeploymentPostprocessing = 0;
		};
/* End PBXFrameworksBuildPhase section */

/* Begin PBXGroup section */
		40B31B6B1E07219100B3EB6F = {
			isa = PBXGroup;
			children = (
				40B31B761E07219100B3EB6F /* Photorama */,
				40B31B751E07219100B3EB6F /* Products */,
			);
			sourceTree = "<group>";
		};
		40B31B751E07219100B3EB6F /* Products */ = {
			isa = PBXGroup;
			children = (
				40B31B741E07219100B3EB6F /* Photorama.app */,
			);
			name = Products;
			sourceTree = "<group>";
		};
		40B31B761E07219100B3EB6F /* Photorama */ = {
			isa = PBXGroup;
			children = (
				40B31B891E07230000B3EB6F /* FlickrAPI.swift */,
				40B31B771E07219100B3EB6F /* AppDelegate.swift */,
				40B31B791E07219100B3EB6F /* PhotosViewController.swift */,
				40B31B7B1E07219100B3EB6F /* Main.storyboard */,
				40B31B7E1E07219100B3EB6F /* Assets.xcassets */,
				40B31B801E07219100B3EB6F /* LaunchScreen.storyboard */,
				40B31B831E07219100B3EB6F /* Info.plist */,
				40B31B8B1E072A0B00B3EB6F /* PhotoStore.swift */,
				40B31B8D1E072D2800B3EB6F /* Photo.swift */,
				40B31B8F1E074B6000B3EB6F /* PhotoDataSource.swift */,
				40B31B911E074E2A00B3EB6F /* PhotoCollectionViewCell.swift */,
				40B31B931E07597C00B3EB6F /* PhotoInfoViewController.swift */,
			);
			path = Photorama;
			sourceTree = "<group>";
		};
/* End PBXGroup section */

/* Begin PBXNativeTarget section */
		40B31B731E07219100B3EB6F /* Photorama */ = {
			isa = PBXNativeTarget;
			buildConfigurationList = 40B31B861E07219100B3EB6F /* Build configuration list for PBXNativeTarget "Photorama" */;
			buildPhases = (
				40B31B701E07219100B3EB6F /* Sources */,
				40B31B711E07219100B3EB6F /* Frameworks */,
				40B31B721E07219100B3EB6F /* Resources */,
			);
			buildRules = (
			);
			dependencies = (
			);
			name = Photorama;
			productName = Photorama;
			productReference = 40B31B741E07219100B3EB6F /* Photorama.app */;
			productType = "com.apple.product-type.application";
		};
/* End PBXNativeTarget section */

/* Begin PBXProject section */
		40B31B6C1E07219100B3EB6F /* Project object */ = {
			isa = PBXProject;
			attributes = {
				LastSwiftUpdateCheck = 0730;
				LastUpgradeCheck = 0730;
				ORGANIZATIONNAME = Lakshmicom.arunsivakumar;
				TargetAttributes = {
					40B31B731E07219100B3EB6F = {
						CreatedOnToolsVersion = 7.3.1;
					};
				};
			};
			buildConfigurationList = 40B31B6F1E07219100B3EB6F /* Build configuration list for PBXProject "Photorama" */;
			compatibilityVersion = "Xcode 3.2";
			developmentRegion = English;
			hasScannedForEncodings = 0;
			knownRegions = (
				en,
				Base,
			);
			mainGroup = 40B31B6B1E07219100B3EB6F;
			productRefGroup = 40B31B751E07219100B3EB6F /* Products */;
			projectDirPath = "";
			projectRoot = "";
			targets = (
				40B31B731E07219100B3EB6F /* Photorama */,
			);
		};
/* End PBXProject section */

/* Begin PBXResourcesBuildPhase section */
		40B31B721E07219100B3EB6F /* Resources */ = {
			isa = PBXResourcesBuildPhase;
			buildActionMask = 2147483647;
			files = (
				40B31B821E07219100B3EB6F /* LaunchScreen.storyboard in Resources */,
				40B31B7F1E07219100B3EB6F /* Assets.xcassets in Resources */,
				40B31B7D1E07219100B3EB6F /* Main.storyboard in Resources */,
			);
			runOnlyForDeploymentPostprocessing = 0;
		};
/* End PBXResourcesBuildPhase section */

/* Begin PBXSourcesBuildPhase section */
		40B31B701E07219100B3EB6F /* Sources */ = {
			isa = PBXSourcesBuildPhase;
			buildActionMask = 2147483647;
			files = (
				40B31B7A1E07219100B3EB6F /* PhotosViewController.swift in Sources */,
				40B31B781E07219100B3EB6F /* AppDelegate.swift in Sources */,
				40B31B8C1E072A0B00B3EB6F /* PhotoStore.swift in Sources */,
				40B31B901E074B6000B3EB6F /* PhotoDataSource.swift in Sources */,
				40B31B921E074E2A00B3EB6F /* PhotoCollectionViewCell.swift in Sources */,
				40B31B941E07597C00B3EB6F /* PhotoInfoViewController.swift in Sources */,
				40B31B8A1E07230000B3EB6F /* FlickrAPI.swift in Sources */,
				40B31B8E1E072D2800B3EB6F /* Photo.swift in Sources */,
			);
			runOnlyForDeploymentPostprocessing = 0;
		};
/* End PBXSourcesBuildPhase section */

/* Begin PBXVariantGroup section */
		40B31B7B1E07219100B3EB6F /* Main.storyboard */ = {
			isa = PBXVariantGroup;
			children = (
				40B31B7C1E07219100B3EB6F /* Base */,
			);
			name = Main.storyboard;
			sourceTree = "<group>";
		};
		40B31B801E07219100B3EB6F /* LaunchScreen.storyboard */ = {
			isa = PBXVariantGroup;
			children = (
				40B31B811E07219100B3EB6F /* Base */,
			);
			name = LaunchScreen.storyboard;
			sourceTree = "<group>";
		};
/* End PBXVariantGroup section */

/* Begin XCBuildConfiguration section */
		40B31B841E07219100B3EB6F /* Debug */ = {
			isa = XCBuildConfiguration;
			buildSettings = {
				ALWAYS_SEARCH_USER_PATHS = NO;
				CLANG_ANALYZER_NONNULL = YES;
				CLANG_CXX_LANGUAGE_STANDARD = "gnu++0x";
				CLANG_CXX_LIBRARY = "libc++";
				CLANG_ENABLE_MODULES = YES;
				CLANG_ENABLE_OBJC_ARC = YES;
				CLANG_WARN_BOOL_CONVERSION = YES;
				CLANG_WARN_CONSTANT_CONVERSION = YES;
				CLANG_WARN_DIRECT_OBJC_ISA_USAGE = YES_ERROR;
				CLANG_WARN_EMPTY_BODY = YES;
				CLANG_WARN_ENUM_CONVERSION = YES;
				CLANG_WARN_INT_CONVERSION = YES;
				CLANG_WARN_OBJC_ROOT_CLASS = YES_ERROR;
				CLANG_WARN_UNREACHABLE_CODE = YES;
				CLANG_WARN__DUPLICATE_METHOD_MATCH = YES;
				"CODE_SIGN_IDENTITY[sdk=iphoneos*]" = "iPhone Developer";
				COPY_PHASE_STRIP = NO;
				DEBUG_INFORMATION_FORMAT = dwarf;
				ENABLE_STRICT_OBJC_MSGSEND = YES;
				ENABLE_TESTABILITY = YES;
				GCC_C_LANGUAGE_STANDARD = gnu99;
				GCC_DYNAMIC_NO_PIC = NO;
				GCC_NO_COMMON_BLOCKS = YES;
				GCC_OPTIMIZATION_LEVEL = 0;
				GCC_PREPROCESSOR_DEFINITIONS = (
					"DEBUG=1",
					"$(inherited)",
				);
				GCC_WARN_64_TO_32_BIT_CONVERSION = YES;
				GCC_WARN_ABOUT_RETURN_TYPE = YES_ERROR;
				GCC_WARN_UNDECLARED_SELECTOR = YES;
				GCC_WARN_UNINITIALIZED_AUTOS = YES_AGGRESSIVE;
				GCC_WARN_UNUSED_FUNCTION = YES;
				GCC_WARN_UNUSED_VARIABLE = YES;
				IPHONEOS_DEPLOYMENT_TARGET = 9.3;
				MTL_ENABLE_DEBUG_INFO = YES;
				ONLY_ACTIVE_ARCH = YES;
				SDKROOT = iphoneos;
				SWIFT_OPTIMIZATION_LEVEL = "-Onone";
			};
			name = Debug;
		};
		40B31B851E07219100B3EB6F /* Release */ = {
			isa = XCBuildConfiguration;
			buildSettings = {
				ALWAYS_SEARCH_USER_PATHS = NO;
				CLANG_ANALYZER_NONNULL = YES;
				CLANG_CXX_LANGUAGE_STANDARD = "gnu++0x";
				CLANG_CXX_LIBRARY = "libc++";
				CLANG_ENABLE_MODULES = YES;
				CLANG_ENABLE_OBJC_ARC = YES;
				CLANG_WARN_BOOL_CONVERSION = YES;
				CLANG_WARN_CONSTANT_CONVERSION = YES;
				CLANG_WARN_DIRECT_OBJC_ISA_USAGE = YES_ERROR;
				CLANG_WARN_EMPTY_BODY = YES;
				CLANG_WARN_ENUM_CONVERSION = YES;
				CLANG_WARN_INT_CONVERSION = YES;
				CLANG_WARN_OBJC_ROOT_CLASS = YES_ERROR;
				CLANG_WARN_UNREACHABLE_CODE = YES;
				CLANG_WARN__DUPLICATE_METHOD_MATCH = YES;
				"CODE_SIGN_IDENTITY[sdk=iphoneos*]" = "iPhone Developer";
				COPY_PHASE_STRIP = NO;
				DEBUG_INFORMATION_FORMAT = "dwarf-with-dsym";
				ENABLE_NS_ASSERTIONS = NO;
				ENABLE_STRICT_OBJC_MSGSEND = YES;
				GCC_C_LANGUAGE_STANDARD = gnu99;
				GCC_NO_COMMON_BLOCKS = YES;
				GCC_WARN_64_TO_32_BIT_CONVERSION = YES;
				GCC_WARN_ABOUT_RETURN_TYPE = YES_ERROR;
				GCC_WARN_UNDECLARED_SELECTOR = YES;
				GCC_WARN_UNINITIALIZED_AUTOS = YES_AGGRESSIVE;
				GCC_WARN_UNUSED_FUNCTION = YES;
				GCC_WARN_UNUSED_VARIABLE = YES;
				IPHONEOS_DEPLOYMENT_TARGET = 9.3;
				MTL_ENABLE_DEBUG_INFO = NO;
				SDKROOT = iphoneos;
				VALIDATE_PRODUCT = YES;
			};
			name = Release;
		};
		40B31B871E07219100B3EB6F /* Debug */ = {
			isa = XCBuildConfiguration;
			buildSettings = {
				ASSETCATALOG_COMPILER_APPICON_NAME = AppIcon;
				INFOPLIST_FILE = Photorama/Info.plist;
				LD_RUNPATH_SEARCH_PATHS = "$(inherited) @executable_path/Frameworks";
				PRODUCT_BUNDLE_IDENTIFIER = com.arunsivakumar.Photorama;
				PRODUCT_NAME = "$(TARGET_NAME)";
			};
			name = Debug;
		};
		40B31B881E07219100B3EB6F /* Release */ = {
			isa = XCBuildConfiguration;
			buildSettings = {
				ASSETCATALOG_COMPILER_APPICON_NAME = AppIcon;
				INFOPLIST_FILE = Photorama/Info.plist;
				LD_RUNPATH_SEARCH_PATHS = "$(inherited) @executable_path/Frameworks";
				PRODUCT_BUNDLE_IDENTIFIER = com.arunsivakumar.Photorama;
				PRODUCT_NAME = "$(TARGET_NAME)";
			};
			name = Release;
		};
/* End XCBuildConfiguration section */

/* Begin XCConfigurationList section */
		40B31B6F1E07219100B3EB6F /* Build configuration list for PBXProject "Photorama" */ = {
			isa = XCConfigurationList;
			buildConfigurations = (
				40B31B841E07219100B3EB6F /* Debug */,
				40B31B851E07219100B3EB6F /* Release */,
			);
			defaultConfigurationIsVisible = 0;
			defaultConfigurationName = Release;
		};
		40B31B861E07219100B3EB6F /* Build configuration list for PBXNativeTarget "Photorama" */ = {
			isa = XCConfigurationList;
			buildConfigurations = (
				40B31B871E07219100B3EB6F /* Debug */,
				40B31B881E07219100B3EB6F /* Release */,
			);
			defaultConfigurationIsVisible = 0;
		};
/* End XCConfigurationList section */
	};
	rootObject = 40B31B6C1E07219100B3EB6F /* Project object */;
}
