// !$*UTF8*$!
{
	archiveVersion = 1;
	classes = {
	};
	objectVersion = 50;
	objects = {

/* Begin PBXBuildFile section */
		F499856E243B276A00EB7E61 /* AppDelegate.swift in Sources */ = {isa = PBXBuildFile; fileRef = F499856D243B276A00EB7E61 /* AppDelegate.swift */; };
		F4998570243B276A00EB7E61 /* SceneDelegate.swift in Sources */ = {isa = PBXBuildFile; fileRef = F499856F243B276A00EB7E61 /* SceneDelegate.swift */; };
		F4998572243B276A00EB7E61 /* ViewController.swift in Sources */ = {isa = PBXBuildFile; fileRef = F4998571243B276A00EB7E61 /* ViewController.swift */; };
		F4998575243B276A00EB7E61 /* Main.storyboard in Resources */ = {isa = PBXBuildFile; fileRef = F4998573243B276A00EB7E61 /* Main.storyboard */; };
		F4998577243B276A00EB7E61 /* Assets.xcassets in Resources */ = {isa = PBXBuildFile; fileRef = F4998576243B276A00EB7E61 /* Assets.xcassets */; };
		F499857A243B276A00EB7E61 /* LaunchScreen.storyboard in Resources */ = {isa = PBXBuildFile; fileRef = F4998578243B276A00EB7E61 /* LaunchScreen.storyboard */; };
		F4998585243B276A00EB7E61 /* XCTestSandBoxTests.swift in Sources */ = {isa = PBXBuildFile; fileRef = F4998584243B276A00EB7E61 /* XCTestSandBoxTests.swift */; };
		F4998590243B276A00EB7E61 /* XCTestSandBoxUITests.swift in Sources */ = {isa = PBXBuildFile; fileRef = F499858F243B276A00EB7E61 /* XCTestSandBoxUITests.swift */; };
		F49985A0243B594400EB7E61 /* Game.swift in Sources */ = {isa = PBXBuildFile; fileRef = F499859F243B594400EB7E61 /* Game.swift */; };
		F49985A2243B595900EB7E61 /* GameTests.swift in Sources */ = {isa = PBXBuildFile; fileRef = F49985A1243B595900EB7E61 /* GameTests.swift */; };
		F49985AA243B623800EB7E61 /* AsynchronousTests.swift in Sources */ = {isa = PBXBuildFile; fileRef = F49985A9243B623800EB7E61 /* AsynchronousTests.swift */; };
		F49985B2243B634E00EB7E61 /* PrimaCalculator.swift in Sources */ = {isa = PBXBuildFile; fileRef = F49985B1243B634E00EB7E61 /* PrimaCalculator.swift */; };
		F49985B4243B63BB00EB7E61 /* PrimeCalculatorTest.swift in Sources */ = {isa = PBXBuildFile; fileRef = F49985B3243B63BB00EB7E61 /* PrimeCalculatorTest.swift */; };
		F49985BB243B737500EB7E61 /* App.swift in Sources */ = {isa = PBXBuildFile; fileRef = F49985BA243B737500EB7E61 /* App.swift */; };
		F49985BD243B75B000EB7E61 /* AppTests.swift in Sources */ = {isa = PBXBuildFile; fileRef = F49985BC243B75B000EB7E61 /* AppTests.swift */; };
		F49985C2243B7E7000EB7E61 /* ShareViewController.swift in Sources */ = {isa = PBXBuildFile; fileRef = F49985C0243B7D5500EB7E61 /* ShareViewController.swift */; };
		F49985C4243B7E8300EB7E61 /* ShareViewControllerTests.swift in Sources */ = {isa = PBXBuildFile; fileRef = F49985C3243B7E8300EB7E61 /* ShareViewControllerTests.swift */; };
		F49985C5243B7ECF00EB7E61 /* Tweet.swift in Sources */ = {isa = PBXBuildFile; fileRef = F49985BE243B789900EB7E61 /* Tweet.swift */; };
		F49985C7243B829100EB7E61 /* URLHandler.swift in Sources */ = {isa = PBXBuildFile; fileRef = F49985C6243B829100EB7E61 /* URLHandler.swift */; };
		F49985C9243B865300EB7E61 /* Houses.swift in Sources */ = {isa = PBXBuildFile; fileRef = F49985C8243B865300EB7E61 /* Houses.swift */; };
		F49985CD243B86A400EB7E61 /* HouseTests.swift in Sources */ = {isa = PBXBuildFile; fileRef = F49985CC243B86A400EB7E61 /* HouseTests.swift */; };
		F49985CF243B8A0B00EB7E61 /* PowerMonitor.swift in Sources */ = {isa = PBXBuildFile; fileRef = F49985CE243B8A0B00EB7E61 /* PowerMonitor.swift */; };
		F49985D3243B8AF500EB7E61 /* PowerMonitorTests.swift in Sources */ = {isa = PBXBuildFile; fileRef = F49985D2243B8AF500EB7E61 /* PowerMonitorTests.swift */; };
/* End PBXBuildFile section */

/* Begin PBXContainerItemProxy section */
		F4998581243B276A00EB7E61 /* PBXContainerItemProxy */ = {
			isa = PBXContainerItemProxy;
			containerPortal = F4998562243B276A00EB7E61 /* Project object */;
			proxyType = 1;
			remoteGlobalIDString = F4998569243B276A00EB7E61;
			remoteInfo = XCTestSandBox;
		};
		F499858C243B276A00EB7E61 /* PBXContainerItemProxy */ = {
			isa = PBXContainerItemProxy;
			containerPortal = F4998562243B276A00EB7E61 /* Project object */;
			proxyType = 1;
			remoteGlobalIDString = F4998569243B276A00EB7E61;
			remoteInfo = XCTestSandBox;
		};
		F49985AC243B623800EB7E61 /* PBXContainerItemProxy */ = {
			isa = PBXContainerItemProxy;
			containerPortal = F4998562243B276A00EB7E61 /* Project object */;
			proxyType = 1;
			remoteGlobalIDString = F4998569243B276A00EB7E61;
			remoteInfo = XCTestSandBox;
		};
/* End PBXContainerItemProxy section */

/* Begin PBXFileReference section */
		F499856A243B276A00EB7E61 /* XCTestSandBox.app */ = {isa = PBXFileReference; explicitFileType = wrapper.application; includeInIndex = 0; path = XCTestSandBox.app; sourceTree = BUILT_PRODUCTS_DIR; };
		F499856D243B276A00EB7E61 /* AppDelegate.swift */ = {isa = PBXFileReference; lastKnownFileType = sourcecode.swift; path = AppDelegate.swift; sourceTree = "<group>"; };
		F499856F243B276A00EB7E61 /* SceneDelegate.swift */ = {isa = PBXFileReference; lastKnownFileType = sourcecode.swift; path = SceneDelegate.swift; sourceTree = "<group>"; };
		F4998571243B276A00EB7E61 /* ViewController.swift */ = {isa = PBXFileReference; lastKnownFileType = sourcecode.swift; path = ViewController.swift; sourceTree = "<group>"; };
		F4998574243B276A00EB7E61 /* Base */ = {isa = PBXFileReference; lastKnownFileType = file.storyboard; name = Base; path = Base.lproj/Main.storyboard; sourceTree = "<group>"; };
		F4998576243B276A00EB7E61 /* Assets.xcassets */ = {isa = PBXFileReference; lastKnownFileType = folder.assetcatalog; path = Assets.xcassets; sourceTree = "<group>"; };
		F4998579243B276A00EB7E61 /* Base */ = {isa = PBXFileReference; lastKnownFileType = file.storyboard; name = Base; path = Base.lproj/LaunchScreen.storyboard; sourceTree = "<group>"; };
		F499857B243B276A00EB7E61 /* Info.plist */ = {isa = PBXFileReference; lastKnownFileType = text.plist.xml; path = Info.plist; sourceTree = "<group>"; };
		F4998580243B276A00EB7E61 /* XCTestSandBoxTests.xctest */ = {isa = PBXFileReference; explicitFileType = wrapper.cfbundle; includeInIndex = 0; path = XCTestSandBoxTests.xctest; sourceTree = BUILT_PRODUCTS_DIR; };
		F4998584243B276A00EB7E61 /* XCTestSandBoxTests.swift */ = {isa = PBXFileReference; lastKnownFileType = sourcecode.swift; path = XCTestSandBoxTests.swift; sourceTree = "<group>"; };
		F4998586243B276A00EB7E61 /* Info.plist */ = {isa = PBXFileReference; lastKnownFileType = text.plist.xml; path = Info.plist; sourceTree = "<group>"; };
		F499858B243B276A00EB7E61 /* XCTestSandBoxUITests.xctest */ = {isa = PBXFileReference; explicitFileType = wrapper.cfbundle; includeInIndex = 0; path = XCTestSandBoxUITests.xctest; sourceTree = BUILT_PRODUCTS_DIR; };
		F499858F243B276A00EB7E61 /* XCTestSandBoxUITests.swift */ = {isa = PBXFileReference; lastKnownFileType = sourcecode.swift; path = XCTestSandBoxUITests.swift; sourceTree = "<group>"; };
		F4998591243B276A00EB7E61 /* Info.plist */ = {isa = PBXFileReference; lastKnownFileType = text.plist.xml; path = Info.plist; sourceTree = "<group>"; };
		F499859F243B594400EB7E61 /* Game.swift */ = {isa = PBXFileReference; lastKnownFileType = sourcecode.swift; path = Game.swift; sourceTree = "<group>"; };
		F49985A1243B595900EB7E61 /* GameTests.swift */ = {isa = PBXFileReference; lastKnownFileType = sourcecode.swift; path = GameTests.swift; sourceTree = "<group>"; };
		F49985A7243B623800EB7E61 /* AsynchronousTests.xctest */ = {isa = PBXFileReference; explicitFileType = wrapper.cfbundle; includeInIndex = 0; path = AsynchronousTests.xctest; sourceTree = BUILT_PRODUCTS_DIR; };
		F49985A9243B623800EB7E61 /* AsynchronousTests.swift */ = {isa = PBXFileReference; lastKnownFileType = sourcecode.swift; path = AsynchronousTests.swift; sourceTree = "<group>"; };
		F49985AB243B623800EB7E61 /* Info.plist */ = {isa = PBXFileReference; lastKnownFileType = text.plist.xml; path = Info.plist; sourceTree = "<group>"; };
		F49985B1243B634E00EB7E61 /* PrimaCalculator.swift */ = {isa = PBXFileReference; lastKnownFileType = sourcecode.swift; path = PrimaCalculator.swift; sourceTree = "<group>"; };
		F49985B3243B63BB00EB7E61 /* PrimeCalculatorTest.swift */ = {isa = PBXFileReference; lastKnownFileType = sourcecode.swift; path = PrimeCalculatorTest.swift; sourceTree = "<group>"; };
		F49985B9243B70EE00EB7E61 /* Chapter3.md */ = {isa = PBXFileReference; lastKnownFileType = net.daringfireball.markdown; path = Chapter3.md; sourceTree = "<group>"; };
		F49985BA243B737500EB7E61 /* App.swift */ = {isa = PBXFileReference; lastKnownFileType = sourcecode.swift; path = App.swift; sourceTree = "<group>"; };
		F49985BC243B75B000EB7E61 /* AppTests.swift */ = {isa = PBXFileReference; lastKnownFileType = sourcecode.swift; path = AppTests.swift; sourceTree = "<group>"; };
		F49985BE243B789900EB7E61 /* Tweet.swift */ = {isa = PBXFileReference; lastKnownFileType = sourcecode.swift; path = Tweet.swift; sourceTree = "<group>"; };
		F49985C0243B7D5500EB7E61 /* ShareViewController.swift */ = {isa = PBXFileReference; lastKnownFileType = sourcecode.swift; path = ShareViewController.swift; sourceTree = "<group>"; };
		F49985C3243B7E8300EB7E61 /* ShareViewControllerTests.swift */ = {isa = PBXFileReference; lastKnownFileType = sourcecode.swift; path = ShareViewControllerTests.swift; sourceTree = "<group>"; };
		F49985C6243B829100EB7E61 /* URLHandler.swift */ = {isa = PBXFileReference; lastKnownFileType = sourcecode.swift; path = URLHandler.swift; sourceTree = "<group>"; };
		F49985C8243B865300EB7E61 /* Houses.swift */ = {isa = PBXFileReference; lastKnownFileType = sourcecode.swift; path = Houses.swift; sourceTree = "<group>"; };
		F49985CC243B86A400EB7E61 /* HouseTests.swift */ = {isa = PBXFileReference; lastKnownFileType = sourcecode.swift; path = HouseTests.swift; sourceTree = "<group>"; };
		F49985CE243B8A0B00EB7E61 /* PowerMonitor.swift */ = {isa = PBXFileReference; lastKnownFileType = sourcecode.swift; path = PowerMonitor.swift; sourceTree = "<group>"; };
		F49985D2243B8AF500EB7E61 /* PowerMonitorTests.swift */ = {isa = PBXFileReference; lastKnownFileType = sourcecode.swift; path = PowerMonitorTests.swift; sourceTree = "<group>"; };
/* End PBXFileReference section */

/* Begin PBXFrameworksBuildPhase section */
		F4998567243B276A00EB7E61 /* Frameworks */ = {
			isa = PBXFrameworksBuildPhase;
			buildActionMask = 2147483647;
			files = (
			);
			runOnlyForDeploymentPostprocessing = 0;
		};
		F499857D243B276A00EB7E61 /* Frameworks */ = {
			isa = PBXFrameworksBuildPhase;
			buildActionMask = 2147483647;
			files = (
			);
			runOnlyForDeploymentPostprocessing = 0;
		};
		F4998588243B276A00EB7E61 /* Frameworks */ = {
			isa = PBXFrameworksBuildPhase;
			buildActionMask = 2147483647;
			files = (
			);
			runOnlyForDeploymentPostprocessing = 0;
		};
		F49985A4243B623800EB7E61 /* Frameworks */ = {
			isa = PBXFrameworksBuildPhase;
			buildActionMask = 2147483647;
			files = (
			);
			runOnlyForDeploymentPostprocessing = 0;
		};
/* End PBXFrameworksBuildPhase section */

/* Begin PBXGroup section */
		F4998561243B276A00EB7E61 = {
			isa = PBXGroup;
			children = (
				F499856C243B276A00EB7E61 /* XCTestSandBox */,
				F4998583243B276A00EB7E61 /* XCTestSandBoxTests */,
				F499858E243B276A00EB7E61 /* XCTestSandBoxUITests */,
				F49985A8243B623800EB7E61 /* AsynchronousTests */,
				F499856B243B276A00EB7E61 /* Products */,
			);
			sourceTree = "<group>";
		};
		F499856B243B276A00EB7E61 /* Products */ = {
			isa = PBXGroup;
			children = (
				F499856A243B276A00EB7E61 /* XCTestSandBox.app */,
				F4998580243B276A00EB7E61 /* XCTestSandBoxTests.xctest */,
				F499858B243B276A00EB7E61 /* XCTestSandBoxUITests.xctest */,
				F49985A7243B623800EB7E61 /* AsynchronousTests.xctest */,
			);
			name = Products;
			sourceTree = "<group>";
		};
		F499856C243B276A00EB7E61 /* XCTestSandBox */ = {
			isa = PBXGroup;
			children = (
				F499856D243B276A00EB7E61 /* AppDelegate.swift */,
				F499856F243B276A00EB7E61 /* SceneDelegate.swift */,
				F4998571243B276A00EB7E61 /* ViewController.swift */,
				F4998573243B276A00EB7E61 /* Main.storyboard */,
				F4998576243B276A00EB7E61 /* Assets.xcassets */,
				F4998578243B276A00EB7E61 /* LaunchScreen.storyboard */,
				F499857B243B276A00EB7E61 /* Info.plist */,
				F499859D243B58F100EB7E61 /* UnitTesting */,
				F49985B5243B700B00EB7E61 /* Test Doubles */,
				F49985D4243B90AE00EB7E61 /* TDD */,
			);
			path = XCTestSandBox;
			sourceTree = "<group>";
		};
		F4998583243B276A00EB7E61 /* XCTestSandBoxTests */ = {
			isa = PBXGroup;
			children = (
				F4998584243B276A00EB7E61 /* XCTestSandBoxTests.swift */,
				F4998586243B276A00EB7E61 /* Info.plist */,
				F499859E243B58FD00EB7E61 /* UnitTesting */,
				F49985B6243B701D00EB7E61 /* TestDoubles */,
			);
			path = XCTestSandBoxTests;
			sourceTree = "<group>";
		};
		F499858E243B276A00EB7E61 /* XCTestSandBoxUITests */ = {
			isa = PBXGroup;
			children = (
				F499858F243B276A00EB7E61 /* XCTestSandBoxUITests.swift */,
				F4998591243B276A00EB7E61 /* Info.plist */,
			);
			path = XCTestSandBoxUITests;
			sourceTree = "<group>";
		};
		F499859D243B58F100EB7E61 /* UnitTesting */ = {
			isa = PBXGroup;
			children = (
				F499859F243B594400EB7E61 /* Game.swift */,
				F49985B1243B634E00EB7E61 /* PrimaCalculator.swift */,
			);
			path = UnitTesting;
			sourceTree = "<group>";
		};
		F499859E243B58FD00EB7E61 /* UnitTesting */ = {
			isa = PBXGroup;
			children = (
				F49985A1243B595900EB7E61 /* GameTests.swift */,
				F49985B3243B63BB00EB7E61 /* PrimeCalculatorTest.swift */,
			);
			path = UnitTesting;
			sourceTree = "<group>";
		};
		F49985A8243B623800EB7E61 /* AsynchronousTests */ = {
			isa = PBXGroup;
			children = (
				F49985A9243B623800EB7E61 /* AsynchronousTests.swift */,
				F49985AB243B623800EB7E61 /* Info.plist */,
			);
			path = AsynchronousTests;
			sourceTree = "<group>";
		};
		F49985B5243B700B00EB7E61 /* Test Doubles */ = {
			isa = PBXGroup;
			children = (
				F49985B9243B70EE00EB7E61 /* Chapter3.md */,
				F49985BA243B737500EB7E61 /* App.swift */,
				F49985BE243B789900EB7E61 /* Tweet.swift */,
				F49985C0243B7D5500EB7E61 /* ShareViewController.swift */,
				F49985C6243B829100EB7E61 /* URLHandler.swift */,
				F49985C8243B865300EB7E61 /* Houses.swift */,
				F49985CE243B8A0B00EB7E61 /* PowerMonitor.swift */,
			);
			path = "Test Doubles";
			sourceTree = "<group>";
		};
		F49985B6243B701D00EB7E61 /* TestDoubles */ = {
			isa = PBXGroup;
			children = (
				F49985BC243B75B000EB7E61 /* AppTests.swift */,
				F49985C3243B7E8300EB7E61 /* ShareViewControllerTests.swift */,
				F49985CC243B86A400EB7E61 /* HouseTests.swift */,
				F49985D2243B8AF500EB7E61 /* PowerMonitorTests.swift */,
			);
			path = TestDoubles;
			sourceTree = "<group>";
		};
		F49985D4243B90AE00EB7E61 /* TDD */ = {
			isa = PBXGroup;
			children = (
			);
			path = TDD;
			sourceTree = "<group>";
		};
/* End PBXGroup section */

/* Begin PBXNativeTarget section */
		F4998569243B276A00EB7E61 /* XCTestSandBox */ = {
			isa = PBXNativeTarget;
			buildConfigurationList = F4998594243B276A00EB7E61 /* Build configuration list for PBXNativeTarget "XCTestSandBox" */;
			buildPhases = (
				F4998566243B276A00EB7E61 /* Sources */,
				F4998567243B276A00EB7E61 /* Frameworks */,
				F4998568243B276A00EB7E61 /* Resources */,
			);
			buildRules = (
			);
			dependencies = (
			);
			name = XCTestSandBox;
			productName = XCTestSandBox;
			productReference = F499856A243B276A00EB7E61 /* XCTestSandBox.app */;
			productType = "com.apple.product-type.application";
		};
		F499857F243B276A00EB7E61 /* XCTestSandBoxTests */ = {
			isa = PBXNativeTarget;
			buildConfigurationList = F4998597243B276A00EB7E61 /* Build configuration list for PBXNativeTarget "XCTestSandBoxTests" */;
			buildPhases = (
				F499857C243B276A00EB7E61 /* Sources */,
				F499857D243B276A00EB7E61 /* Frameworks */,
				F499857E243B276A00EB7E61 /* Resources */,
			);
			buildRules = (
			);
			dependencies = (
				F4998582243B276A00EB7E61 /* PBXTargetDependency */,
			);
			name = XCTestSandBoxTests;
			productName = XCTestSandBoxTests;
			productReference = F4998580243B276A00EB7E61 /* XCTestSandBoxTests.xctest */;
			productType = "com.apple.product-type.bundle.unit-test";
		};
		F499858A243B276A00EB7E61 /* XCTestSandBoxUITests */ = {
			isa = PBXNativeTarget;
			buildConfigurationList = F499859A243B276A00EB7E61 /* Build configuration list for PBXNativeTarget "XCTestSandBoxUITests" */;
			buildPhases = (
				F4998587243B276A00EB7E61 /* Sources */,
				F4998588243B276A00EB7E61 /* Frameworks */,
				F4998589243B276A00EB7E61 /* Resources */,
			);
			buildRules = (
			);
			dependencies = (
				F499858D243B276A00EB7E61 /* PBXTargetDependency */,
			);
			name = XCTestSandBoxUITests;
			productName = XCTestSandBoxUITests;
			productReference = F499858B243B276A00EB7E61 /* XCTestSandBoxUITests.xctest */;
			productType = "com.apple.product-type.bundle.ui-testing";
		};
		F49985A6243B623800EB7E61 /* AsynchronousTests */ = {
			isa = PBXNativeTarget;
			buildConfigurationList = F49985AE243B623800EB7E61 /* Build configuration list for PBXNativeTarget "AsynchronousTests" */;
			buildPhases = (
				F49985A3243B623800EB7E61 /* Sources */,
				F49985A4243B623800EB7E61 /* Frameworks */,
				F49985A5243B623800EB7E61 /* Resources */,
			);
			buildRules = (
			);
			dependencies = (
				F49985AD243B623800EB7E61 /* PBXTargetDependency */,
			);
			name = AsynchronousTests;
			productName = AsynchronousTests;
			productReference = F49985A7243B623800EB7E61 /* AsynchronousTests.xctest */;
			productType = "com.apple.product-type.bundle.unit-test";
		};
/* End PBXNativeTarget section */

/* Begin PBXProject section */
		F4998562243B276A00EB7E61 /* Project object */ = {
			isa = PBXProject;
			attributes = {
				LastSwiftUpdateCheck = 1120;
				LastUpgradeCheck = 1120;
				ORGANIZATIONNAME = "Arun Sivakumar";
				TargetAttributes = {
					F4998569243B276A00EB7E61 = {
						CreatedOnToolsVersion = 11.2.1;
					};
					F499857F243B276A00EB7E61 = {
						CreatedOnToolsVersion = 11.2.1;
						TestTargetID = F4998569243B276A00EB7E61;
					};
					F499858A243B276A00EB7E61 = {
						CreatedOnToolsVersion = 11.2.1;
						TestTargetID = F4998569243B276A00EB7E61;
					};
					F49985A6243B623800EB7E61 = {
						CreatedOnToolsVersion = 11.2.1;
						TestTargetID = F4998569243B276A00EB7E61;
					};
				};
			};
			buildConfigurationList = F4998565243B276A00EB7E61 /* Build configuration list for PBXProject "XCTestSandBox" */;
			compatibilityVersion = "Xcode 9.3";
			developmentRegion = en;
			hasScannedForEncodings = 0;
			knownRegions = (
				en,
				Base,
			);
			mainGroup = F4998561243B276A00EB7E61;
			productRefGroup = F499856B243B276A00EB7E61 /* Products */;
			projectDirPath = "";
			projectRoot = "";
			targets = (
				F4998569243B276A00EB7E61 /* XCTestSandBox */,
				F499857F243B276A00EB7E61 /* XCTestSandBoxTests */,
				F499858A243B276A00EB7E61 /* XCTestSandBoxUITests */,
				F49985A6243B623800EB7E61 /* AsynchronousTests */,
			);
		};
/* End PBXProject section */

/* Begin PBXResourcesBuildPhase section */
		F4998568243B276A00EB7E61 /* Resources */ = {
			isa = PBXResourcesBuildPhase;
			buildActionMask = 2147483647;
			files = (
				F499857A243B276A00EB7E61 /* LaunchScreen.storyboard in Resources */,
				F4998577243B276A00EB7E61 /* Assets.xcassets in Resources */,
				F4998575243B276A00EB7E61 /* Main.storyboard in Resources */,
			);
			runOnlyForDeploymentPostprocessing = 0;
		};
		F499857E243B276A00EB7E61 /* Resources */ = {
			isa = PBXResourcesBuildPhase;
			buildActionMask = 2147483647;
			files = (
			);
			runOnlyForDeploymentPostprocessing = 0;
		};
		F4998589243B276A00EB7E61 /* Resources */ = {
			isa = PBXResourcesBuildPhase;
			buildActionMask = 2147483647;
			files = (
			);
			runOnlyForDeploymentPostprocessing = 0;
		};
		F49985A5243B623800EB7E61 /* Resources */ = {
			isa = PBXResourcesBuildPhase;
			buildActionMask = 2147483647;
			files = (
			);
			runOnlyForDeploymentPostprocessing = 0;
		};
/* End PBXResourcesBuildPhase section */

/* Begin PBXSourcesBuildPhase section */
		F4998566243B276A00EB7E61 /* Sources */ = {
			isa = PBXSourcesBuildPhase;
			buildActionMask = 2147483647;
			files = (
				F4998572243B276A00EB7E61 /* ViewController.swift in Sources */,
				F49985C2243B7E7000EB7E61 /* ShareViewController.swift in Sources */,
				F49985C9243B865300EB7E61 /* Houses.swift in Sources */,
				F499856E243B276A00EB7E61 /* AppDelegate.swift in Sources */,
				F4998570243B276A00EB7E61 /* SceneDelegate.swift in Sources */,
				F49985BB243B737500EB7E61 /* App.swift in Sources */,
				F49985C7243B829100EB7E61 /* URLHandler.swift in Sources */,
				F49985A0243B594400EB7E61 /* Game.swift in Sources */,
				F49985B2243B634E00EB7E61 /* PrimaCalculator.swift in Sources */,
				F49985C5243B7ECF00EB7E61 /* Tweet.swift in Sources */,
				F49985CF243B8A0B00EB7E61 /* PowerMonitor.swift in Sources */,
			);
			runOnlyForDeploymentPostprocessing = 0;
		};
		F499857C243B276A00EB7E61 /* Sources */ = {
			isa = PBXSourcesBuildPhase;
			buildActionMask = 2147483647;
			files = (
				F4998585243B276A00EB7E61 /* XCTestSandBoxTests.swift in Sources */,
				F49985C4243B7E8300EB7E61 /* ShareViewControllerTests.swift in Sources */,
				F49985BD243B75B000EB7E61 /* AppTests.swift in Sources */,
				F49985A2243B595900EB7E61 /* GameTests.swift in Sources */,
				F49985CD243B86A400EB7E61 /* HouseTests.swift in Sources */,
				F49985D3243B8AF500EB7E61 /* PowerMonitorTests.swift in Sources */,
				F49985B4243B63BB00EB7E61 /* PrimeCalculatorTest.swift in Sources */,
			);
			runOnlyForDeploymentPostprocessing = 0;
		};
		F4998587243B276A00EB7E61 /* Sources */ = {
			isa = PBXSourcesBuildPhase;
			buildActionMask = 2147483647;
			files = (
				F4998590243B276A00EB7E61 /* XCTestSandBoxUITests.swift in Sources */,
			);
			runOnlyForDeploymentPostprocessing = 0;
		};
		F49985A3243B623800EB7E61 /* Sources */ = {
			isa = PBXSourcesBuildPhase;
			buildActionMask = 2147483647;
			files = (
				F49985AA243B623800EB7E61 /* AsynchronousTests.swift in Sources */,
			);
			runOnlyForDeploymentPostprocessing = 0;
		};
/* End PBXSourcesBuildPhase section */

/* Begin PBXTargetDependency section */
		F4998582243B276A00EB7E61 /* PBXTargetDependency */ = {
			isa = PBXTargetDependency;
			target = F4998569243B276A00EB7E61 /* XCTestSandBox */;
			targetProxy = F4998581243B276A00EB7E61 /* PBXContainerItemProxy */;
		};
		F499858D243B276A00EB7E61 /* PBXTargetDependency */ = {
			isa = PBXTargetDependency;
			target = F4998569243B276A00EB7E61 /* XCTestSandBox */;
			targetProxy = F499858C243B276A00EB7E61 /* PBXContainerItemProxy */;
		};
		F49985AD243B623800EB7E61 /* PBXTargetDependency */ = {
			isa = PBXTargetDependency;
			target = F4998569243B276A00EB7E61 /* XCTestSandBox */;
			targetProxy = F49985AC243B623800EB7E61 /* PBXContainerItemProxy */;
		};
/* End PBXTargetDependency section */

/* Begin PBXVariantGroup section */
		F4998573243B276A00EB7E61 /* Main.storyboard */ = {
			isa = PBXVariantGroup;
			children = (
				F4998574243B276A00EB7E61 /* Base */,
			);
			name = Main.storyboard;
			sourceTree = "<group>";
		};
		F4998578243B276A00EB7E61 /* LaunchScreen.storyboard */ = {
			isa = PBXVariantGroup;
			children = (
				F4998579243B276A00EB7E61 /* Base */,
			);
			name = LaunchScreen.storyboard;
			sourceTree = "<group>";
		};
/* End PBXVariantGroup section */

/* Begin XCBuildConfiguration section */
		F4998592243B276A00EB7E61 /* Debug */ = {
			isa = XCBuildConfiguration;
			buildSettings = {
				ALWAYS_SEARCH_USER_PATHS = NO;
				CLANG_ANALYZER_NONNULL = YES;
				CLANG_ANALYZER_NUMBER_OBJECT_CONVERSION = YES_AGGRESSIVE;
				CLANG_CXX_LANGUAGE_STANDARD = "gnu++14";
				CLANG_CXX_LIBRARY = "libc++";
				CLANG_ENABLE_MODULES = YES;
				CLANG_ENABLE_OBJC_ARC = YES;
				CLANG_ENABLE_OBJC_WEAK = YES;
				CLANG_WARN_BLOCK_CAPTURE_AUTORELEASING = YES;
				CLANG_WARN_BOOL_CONVERSION = YES;
				CLANG_WARN_COMMA = YES;
				CLANG_WARN_CONSTANT_CONVERSION = YES;
				CLANG_WARN_DEPRECATED_OBJC_IMPLEMENTATIONS = YES;
				CLANG_WARN_DIRECT_OBJC_ISA_USAGE = YES_ERROR;
				CLANG_WARN_DOCUMENTATION_COMMENTS = YES;
				CLANG_WARN_EMPTY_BODY = YES;
				CLANG_WARN_ENUM_CONVERSION = YES;
				CLANG_WARN_INFINITE_RECURSION = YES;
				CLANG_WARN_INT_CONVERSION = YES;
				CLANG_WARN_NON_LITERAL_NULL_CONVERSION = YES;
				CLANG_WARN_OBJC_IMPLICIT_RETAIN_SELF = YES;
				CLANG_WARN_OBJC_LITERAL_CONVERSION = YES;
				CLANG_WARN_OBJC_ROOT_CLASS = YES_ERROR;
				CLANG_WARN_RANGE_LOOP_ANALYSIS = YES;
				CLANG_WARN_STRICT_PROTOTYPES = YES;
				CLANG_WARN_SUSPICIOUS_MOVE = YES;
				CLANG_WARN_UNGUARDED_AVAILABILITY = YES_AGGRESSIVE;
				CLANG_WARN_UNREACHABLE_CODE = YES;
				CLANG_WARN__DUPLICATE_METHOD_MATCH = YES;
				COPY_PHASE_STRIP = NO;
				DEBUG_INFORMATION_FORMAT = dwarf;
				ENABLE_STRICT_OBJC_MSGSEND = YES;
				ENABLE_TESTABILITY = YES;
				GCC_C_LANGUAGE_STANDARD = gnu11;
				GCC_DYNAMIC_NO_PIC = NO;
				GCC_NO_COMMON_BLOCKS = YES;
				GCC_OPTIMIZATION_LEVEL = 0;
				GCC_PREPROCESSOR_DEFINITIONS = (
					"DEBUG=1",
					"$(inherited)",
				);
				GCC_WARN_64_TO_32_BIT_CONVERSION = YES;
				GCC_WARN_ABOUT_RETURN_TYPE = YES_ERROR;
				GCC_WARN_UNDECLARED_SELECTOR = YES;
				GCC_WARN_UNINITIALIZED_AUTOS = YES_AGGRESSIVE;
				GCC_WARN_UNUSED_FUNCTION = YES;
				GCC_WARN_UNUSED_VARIABLE = YES;
				IPHONEOS_DEPLOYMENT_TARGET = 13.2;
				MTL_ENABLE_DEBUG_INFO = INCLUDE_SOURCE;
				MTL_FAST_MATH = YES;
				ONLY_ACTIVE_ARCH = YES;
				SDKROOT = iphoneos;
				SWIFT_ACTIVE_COMPILATION_CONDITIONS = DEBUG;
				SWIFT_OPTIMIZATION_LEVEL = "-Onone";
			};
			name = Debug;
		};
		F4998593243B276A00EB7E61 /* Release */ = {
			isa = XCBuildConfiguration;
			buildSettings = {
				ALWAYS_SEARCH_USER_PATHS = NO;
				CLANG_ANALYZER_NONNULL = YES;
				CLANG_ANALYZER_NUMBER_OBJECT_CONVERSION = YES_AGGRESSIVE;
				CLANG_CXX_LANGUAGE_STANDARD = "gnu++14";
				CLANG_CXX_LIBRARY = "libc++";
				CLANG_ENABLE_MODULES = YES;
				CLANG_ENABLE_OBJC_ARC = YES;
				CLANG_ENABLE_OBJC_WEAK = YES;
				CLANG_WARN_BLOCK_CAPTURE_AUTORELEASING = YES;
				CLANG_WARN_BOOL_CONVERSION = YES;
				CLANG_WARN_COMMA = YES;
				CLANG_WARN_CONSTANT_CONVERSION = YES;
				CLANG_WARN_DEPRECATED_OBJC_IMPLEMENTATIONS = YES;
				CLANG_WARN_DIRECT_OBJC_ISA_USAGE = YES_ERROR;
				CLANG_WARN_DOCUMENTATION_COMMENTS = YES;
				CLANG_WARN_EMPTY_BODY = YES;
				CLANG_WARN_ENUM_CONVERSION = YES;
				CLANG_WARN_INFINITE_RECURSION = YES;
				CLANG_WARN_INT_CONVERSION = YES;
				CLANG_WARN_NON_LITERAL_NULL_CONVERSION = YES;
				CLANG_WARN_OBJC_IMPLICIT_RETAIN_SELF = YES;
				CLANG_WARN_OBJC_LITERAL_CONVERSION = YES;
				CLANG_WARN_OBJC_ROOT_CLASS = YES_ERROR;
				CLANG_WARN_RANGE_LOOP_ANALYSIS = YES;
				CLANG_WARN_STRICT_PROTOTYPES = YES;
				CLANG_WARN_SUSPICIOUS_MOVE = YES;
				CLANG_WARN_UNGUARDED_AVAILABILITY = YES_AGGRESSIVE;
				CLANG_WARN_UNREACHABLE_CODE = YES;
				CLANG_WARN__DUPLICATE_METHOD_MATCH = YES;
				COPY_PHASE_STRIP = NO;
				DEBUG_INFORMATION_FORMAT = "dwarf-with-dsym";
				ENABLE_NS_ASSERTIONS = NO;
				ENABLE_STRICT_OBJC_MSGSEND = YES;
				GCC_C_LANGUAGE_STANDARD = gnu11;
				GCC_NO_COMMON_BLOCKS = YES;
				GCC_WARN_64_TO_32_BIT_CONVERSION = YES;
				GCC_WARN_ABOUT_RETURN_TYPE = YES_ERROR;
				GCC_WARN_UNDECLARED_SELECTOR = YES;
				GCC_WARN_UNINITIALIZED_AUTOS = YES_AGGRESSIVE;
				GCC_WARN_UNUSED_FUNCTION = YES;
				GCC_WARN_UNUSED_VARIABLE = YES;
				IPHONEOS_DEPLOYMENT_TARGET = 13.2;
				MTL_ENABLE_DEBUG_INFO = NO;
				MTL_FAST_MATH = YES;
				SDKROOT = iphoneos;
				SWIFT_COMPILATION_MODE = wholemodule;
				SWIFT_OPTIMIZATION_LEVEL = "-O";
				VALIDATE_PRODUCT = YES;
			};
			name = Release;
		};
		F4998595243B276A00EB7E61 /* Debug */ = {
			isa = XCBuildConfiguration;
			buildSettings = {
				ASSETCATALOG_COMPILER_APPICON_NAME = AppIcon;
				CODE_SIGN_STYLE = Automatic;
				DEVELOPMENT_TEAM = Q5S947L7K7;
				INFOPLIST_FILE = XCTestSandBox/Info.plist;
				LD_RUNPATH_SEARCH_PATHS = (
					"$(inherited)",
					"@executable_path/Frameworks",
				);
				PRODUCT_BUNDLE_IDENTIFIER = com.arunsivakumar.XCTestSandBox;
				PRODUCT_NAME = "$(TARGET_NAME)";
				SWIFT_VERSION = 5.0;
				TARGETED_DEVICE_FAMILY = "1,2";
			};
			name = Debug;
		};
		F4998596243B276A00EB7E61 /* Release */ = {
			isa = XCBuildConfiguration;
			buildSettings = {
				ASSETCATALOG_COMPILER_APPICON_NAME = AppIcon;
				CODE_SIGN_STYLE = Automatic;
				DEVELOPMENT_TEAM = Q5S947L7K7;
				INFOPLIST_FILE = XCTestSandBox/Info.plist;
				LD_RUNPATH_SEARCH_PATHS = (
					"$(inherited)",
					"@executable_path/Frameworks",
				);
				PRODUCT_BUNDLE_IDENTIFIER = com.arunsivakumar.XCTestSandBox;
				PRODUCT_NAME = "$(TARGET_NAME)";
				SWIFT_VERSION = 5.0;
				TARGETED_DEVICE_FAMILY = "1,2";
			};
			name = Release;
		};
		F4998598243B276A00EB7E61 /* Debug */ = {
			isa = XCBuildConfiguration;
			buildSettings = {
				ALWAYS_EMBED_SWIFT_STANDARD_LIBRARIES = YES;
				BUNDLE_LOADER = "$(TEST_HOST)";
				CODE_SIGN_STYLE = Automatic;
				DEVELOPMENT_TEAM = Q5S947L7K7;
				INFOPLIST_FILE = XCTestSandBoxTests/Info.plist;
				IPHONEOS_DEPLOYMENT_TARGET = 13.2;
				LD_RUNPATH_SEARCH_PATHS = (
					"$(inherited)",
					"@executable_path/Frameworks",
					"@loader_path/Frameworks",
				);
				PRODUCT_BUNDLE_IDENTIFIER = com.arunsivakumar.XCTestSandBoxTests;
				PRODUCT_NAME = "$(TARGET_NAME)";
				SWIFT_VERSION = 5.0;
				TARGETED_DEVICE_FAMILY = "1,2";
				TEST_HOST = "$(BUILT_PRODUCTS_DIR)/XCTestSandBox.app/XCTestSandBox";
			};
			name = Debug;
		};
		F4998599243B276A00EB7E61 /* Release */ = {
			isa = XCBuildConfiguration;
			buildSettings = {
				ALWAYS_EMBED_SWIFT_STANDARD_LIBRARIES = YES;
				BUNDLE_LOADER = "$(TEST_HOST)";
				CODE_SIGN_STYLE = Automatic;
				DEVELOPMENT_TEAM = Q5S947L7K7;
				INFOPLIST_FILE = XCTestSandBoxTests/Info.plist;
				IPHONEOS_DEPLOYMENT_TARGET = 13.2;
				LD_RUNPATH_SEARCH_PATHS = (
					"$(inherited)",
					"@executable_path/Frameworks",
					"@loader_path/Frameworks",
				);
				PRODUCT_BUNDLE_IDENTIFIER = com.arunsivakumar.XCTestSandBoxTests;
				PRODUCT_NAME = "$(TARGET_NAME)";
				SWIFT_VERSION = 5.0;
				TARGETED_DEVICE_FAMILY = "1,2";
				TEST_HOST = "$(BUILT_PRODUCTS_DIR)/XCTestSandBox.app/XCTestSandBox";
			};
			name = Release;
		};
		F499859B243B276A00EB7E61 /* Debug */ = {
			isa = XCBuildConfiguration;
			buildSettings = {
				ALWAYS_EMBED_SWIFT_STANDARD_LIBRARIES = YES;
				CODE_SIGN_STYLE = Automatic;
				DEVELOPMENT_TEAM = Q5S947L7K7;
				INFOPLIST_FILE = XCTestSandBoxUITests/Info.plist;
				LD_RUNPATH_SEARCH_PATHS = (
					"$(inherited)",
					"@executable_path/Frameworks",
					"@loader_path/Frameworks",
				);
				PRODUCT_BUNDLE_IDENTIFIER = com.arunsivakumar.XCTestSandBoxUITests;
				PRODUCT_NAME = "$(TARGET_NAME)";
				SWIFT_VERSION = 5.0;
				TARGETED_DEVICE_FAMILY = "1,2";
				TEST_TARGET_NAME = XCTestSandBox;
			};
			name = Debug;
		};
		F499859C243B276A00EB7E61 /* Release */ = {
			isa = XCBuildConfiguration;
			buildSettings = {
				ALWAYS_EMBED_SWIFT_STANDARD_LIBRARIES = YES;
				CODE_SIGN_STYLE = Automatic;
				DEVELOPMENT_TEAM = Q5S947L7K7;
				INFOPLIST_FILE = XCTestSandBoxUITests/Info.plist;
				LD_RUNPATH_SEARCH_PATHS = (
					"$(inherited)",
					"@executable_path/Frameworks",
					"@loader_path/Frameworks",
				);
				PRODUCT_BUNDLE_IDENTIFIER = com.arunsivakumar.XCTestSandBoxUITests;
				PRODUCT_NAME = "$(TARGET_NAME)";
				SWIFT_VERSION = 5.0;
				TARGETED_DEVICE_FAMILY = "1,2";
				TEST_TARGET_NAME = XCTestSandBox;
			};
			name = Release;
		};
		F49985AF243B623800EB7E61 /* Debug */ = {
			isa = XCBuildConfiguration;
			buildSettings = {
				BUNDLE_LOADER = "$(TEST_HOST)";
				CODE_SIGN_STYLE = Automatic;
				DEVELOPMENT_TEAM = Q5S947L7K7;
				INFOPLIST_FILE = AsynchronousTests/Info.plist;
				LD_RUNPATH_SEARCH_PATHS = (
					"$(inherited)",
					"@executable_path/Frameworks",
					"@loader_path/Frameworks",
				);
				PRODUCT_BUNDLE_IDENTIFIER = com.arunsivakumar.AsynchronousTests;
				PRODUCT_NAME = "$(TARGET_NAME)";
				SWIFT_VERSION = 5.0;
				TARGETED_DEVICE_FAMILY = "1,2";
				TEST_HOST = "$(BUILT_PRODUCTS_DIR)/XCTestSandBox.app/XCTestSandBox";
			};
			name = Debug;
		};
		F49985B0243B623800EB7E61 /* Release */ = {
			isa = XCBuildConfiguration;
			buildSettings = {
				BUNDLE_LOADER = "$(TEST_HOST)";
				CODE_SIGN_STYLE = Automatic;
				DEVELOPMENT_TEAM = Q5S947L7K7;
				INFOPLIST_FILE = AsynchronousTests/Info.plist;
				LD_RUNPATH_SEARCH_PATHS = (
					"$(inherited)",
					"@executable_path/Frameworks",
					"@loader_path/Frameworks",
				);
				PRODUCT_BUNDLE_IDENTIFIER = com.arunsivakumar.AsynchronousTests;
				PRODUCT_NAME = "$(TARGET_NAME)";
				SWIFT_VERSION = 5.0;
				TARGETED_DEVICE_FAMILY = "1,2";
				TEST_HOST = "$(BUILT_PRODUCTS_DIR)/XCTestSandBox.app/XCTestSandBox";
			};
			name = Release;
		};
/* End XCBuildConfiguration section */

/* Begin XCConfigurationList section */
		F4998565243B276A00EB7E61 /* Build configuration list for PBXProject "XCTestSandBox" */ = {
			isa = XCConfigurationList;
			buildConfigurations = (
				F4998592243B276A00EB7E61 /* Debug */,
				F4998593243B276A00EB7E61 /* Release */,
			);
			defaultConfigurationIsVisible = 0;
			defaultConfigurationName = Release;
		};
		F4998594243B276A00EB7E61 /* Build configuration list for PBXNativeTarget "XCTestSandBox" */ = {
			isa = XCConfigurationList;
			buildConfigurations = (
				F4998595243B276A00EB7E61 /* Debug */,
				F4998596243B276A00EB7E61 /* Release */,
			);
			defaultConfigurationIsVisible = 0;
			defaultConfigurationName = Release;
		};
		F4998597243B276A00EB7E61 /* Build configuration list for PBXNativeTarget "XCTestSandBoxTests" */ = {
			isa = XCConfigurationList;
			buildConfigurations = (
				F4998598243B276A00EB7E61 /* Debug */,
				F4998599243B276A00EB7E61 /* Release */,
			);
			defaultConfigurationIsVisible = 0;
			defaultConfigurationName = Release;
		};
		F499859A243B276A00EB7E61 /* Build configuration list for PBXNativeTarget "XCTestSandBoxUITests" */ = {
			isa = XCConfigurationList;
			buildConfigurations = (
				F499859B243B276A00EB7E61 /* Debug */,
				F499859C243B276A00EB7E61 /* Release */,
			);
			defaultConfigurationIsVisible = 0;
			defaultConfigurationName = Release;
		};
		F49985AE243B623800EB7E61 /* Build configuration list for PBXNativeTarget "AsynchronousTests" */ = {
			isa = XCConfigurationList;
			buildConfigurations = (
				F49985AF243B623800EB7E61 /* Debug */,
				F49985B0243B623800EB7E61 /* Release */,
			);
			defaultConfigurationIsVisible = 0;
			defaultConfigurationName = Release;
		};
/* End XCConfigurationList section */
	};
	rootObject = F4998562243B276A00EB7E61 /* Project object */;
}
