// !$*UTF8*$!
{
	archiveVersion = 1;
	classes = {
	};
	objectVersion = 46;
	objects = {

/* Begin PBXBuildFile section */
		4037D7951DE299CF003EE18A /* AppDelegate.swift in Sources */ = {isa = PBXBuildFile; fileRef = 4037D7941DE299CF003EE18A /* AppDelegate.swift */; };
		4037D7971DE299CF003EE18A /* ViewController.swift in Sources */ = {isa = PBXBuildFile; fileRef = 4037D7961DE299CF003EE18A /* ViewController.swift */; };
		4037D79A1DE299CF003EE18A /* Main.storyboard in Resources */ = {isa = PBXBuildFile; fileRef = 4037D7981DE299CF003EE18A /* Main.storyboard */; };
		4037D79D1DE299CF003EE18A /* Foo.xcdatamodeld in Sources */ = {isa = PBXBuildFile; fileRef = 4037D79B1DE299CF003EE18A /* Foo.xcdatamodeld */; };
		4037D79F1DE299CF003EE18A /* Assets.xcassets in Resources */ = {isa = PBXBuildFile; fileRef = 4037D79E1DE299CF003EE18A /* Assets.xcassets */; };
		4037D7A21DE299CF003EE18A /* LaunchScreen.storyboard in Resources */ = {isa = PBXBuildFile; fileRef = 4037D7A01DE299CF003EE18A /* LaunchScreen.storyboard */; };
/* End PBXBuildFile section */

/* Begin PBXFileReference section */
		4037D7911DE299CF003EE18A /* Foo.app */ = {isa = PBXFileReference; explicitFileType = wrapper.application; includeInIndex = 0; path = Foo.app; sourceTree = BUILT_PRODUCTS_DIR; };
		4037D7941DE299CF003EE18A /* AppDelegate.swift */ = {isa = PBXFileReference; lastKnownFileType = sourcecode.swift; path = AppDelegate.swift; sourceTree = "<group>"; };
		4037D7961DE299CF003EE18A /* ViewController.swift */ = {isa = PBXFileReference; lastKnownFileType = sourcecode.swift; path = ViewController.swift; sourceTree = "<group>"; };
		4037D7991DE299CF003EE18A /* Base */ = {isa = PBXFileReference; lastKnownFileType = file.storyboard; name = Base; path = Base.lproj/Main.storyboard; sourceTree = "<group>"; };
		4037D79C1DE299CF003EE18A /* Foo.xcdatamodel */ = {isa = PBXFileReference; lastKnownFileType = wrapper.xcdatamodel; path = Foo.xcdatamodel; sourceTree = "<group>"; };
		4037D79E1DE299CF003EE18A /* Assets.xcassets */ = {isa = PBXFileReference; lastKnownFileType = folder.assetcatalog; path = Assets.xcassets; sourceTree = "<group>"; };
		4037D7A11DE299CF003EE18A /* Base */ = {isa = PBXFileReference; lastKnownFileType = file.storyboard; name = Base; path = Base.lproj/LaunchScreen.storyboard; sourceTree = "<group>"; };
		4037D7A31DE299CF003EE18A /* Info.plist */ = {isa = PBXFileReference; lastKnownFileType = text.plist.xml; path = Info.plist; sourceTree = "<group>"; };
/* End PBXFileReference section */

/* Begin PBXFrameworksBuildPhase section */
		4037D78E1DE299CF003EE18A /* Frameworks */ = {
			isa = PBXFrameworksBuildPhase;
			buildActionMask = 2147483647;
			files = (
			);
			runOnlyForDeploymentPostprocessing = 0;
		};
/* End PBXFrameworksBuildPhase section */

/* Begin PBXGroup section */
		4037D7881DE299CF003EE18A = {
			isa = PBXGroup;
			children = (
				4037D7931DE299CF003EE18A /* Foo */,
				4037D7921DE299CF003EE18A /* Products */,
			);
			sourceTree = "<group>";
		};
		4037D7921DE299CF003EE18A /* Products */ = {
			isa = PBXGroup;
			children = (
				4037D7911DE299CF003EE18A /* Foo.app */,
			);
			name = Products;
			sourceTree = "<group>";
		};
		4037D7931DE299CF003EE18A /* Foo */ = {
			isa = PBXGroup;
			children = (
				4037D7941DE299CF003EE18A /* AppDelegate.swift */,
				4037D7961DE299CF003EE18A /* ViewController.swift */,
				4037D7981DE299CF003EE18A /* Main.storyboard */,
				4037D79E1DE299CF003EE18A /* Assets.xcassets */,
				4037D7A01DE299CF003EE18A /* LaunchScreen.storyboard */,
				4037D7A31DE299CF003EE18A /* Info.plist */,
				4037D79B1DE299CF003EE18A /* Foo.xcdatamodeld */,
			);
			path = Foo;
			sourceTree = "<group>";
		};
/* End PBXGroup section */

/* Begin PBXNativeTarget section */
		4037D7901DE299CF003EE18A /* Foo */ = {
			isa = PBXNativeTarget;
			buildConfigurationList = 4037D7A61DE299CF003EE18A /* Build configuration list for PBXNativeTarget "Foo" */;
			buildPhases = (
				4037D78D1DE299CF003EE18A /* Sources */,
				4037D78E1DE299CF003EE18A /* Frameworks */,
				4037D78F1DE299CF003EE18A /* Resources */,
			);
			buildRules = (
			);
			dependencies = (
			);
			name = Foo;
			productName = Foo;
			productReference = 4037D7911DE299CF003EE18A /* Foo.app */;
			productType = "com.apple.product-type.application";
		};
/* End PBXNativeTarget section */

/* Begin PBXProject section */
		4037D7891DE299CF003EE18A /* Project object */ = {
			isa = PBXProject;
			attributes = {
				LastSwiftUpdateCheck = 0730;
				LastUpgradeCheck = 0730;
				ORGANIZATIONNAME = Lakshmicom.arunsivakumar;
				TargetAttributes = {
					4037D7901DE299CF003EE18A = {
						CreatedOnToolsVersion = 7.3.1;
					};
				};
			};
			buildConfigurationList = 4037D78C1DE299CF003EE18A /* Build configuration list for PBXProject "Foo" */;
			compatibilityVersion = "Xcode 3.2";
			developmentRegion = English;
			hasScannedForEncodings = 0;
			knownRegions = (
				en,
				Base,
			);
			mainGroup = 4037D7881DE299CF003EE18A;
			productRefGroup = 4037D7921DE299CF003EE18A /* Products */;
			projectDirPath = "";
			projectRoot = "";
			targets = (
				4037D7901DE299CF003EE18A /* Foo */,
			);
		};
/* End PBXProject section */

/* Begin PBXResourcesBuildPhase section */
		4037D78F1DE299CF003EE18A /* Resources */ = {
			isa = PBXResourcesBuildPhase;
			buildActionMask = 2147483647;
			files = (
				4037D7A21DE299CF003EE18A /* LaunchScreen.storyboard in Resources */,
				4037D79F1DE299CF003EE18A /* Assets.xcassets in Resources */,
				4037D79A1DE299CF003EE18A /* Main.storyboard in Resources */,
			);
			runOnlyForDeploymentPostprocessing = 0;
		};
/* End PBXResourcesBuildPhase section */

/* Begin PBXSourcesBuildPhase section */
		4037D78D1DE299CF003EE18A /* Sources */ = {
			isa = PBXSourcesBuildPhase;
			buildActionMask = 2147483647;
			files = (
				4037D79D1DE299CF003EE18A /* Foo.xcdatamodeld in Sources */,
				4037D7971DE299CF003EE18A /* ViewController.swift in Sources */,
				4037D7951DE299CF003EE18A /* AppDelegate.swift in Sources */,
			);
			runOnlyForDeploymentPostprocessing = 0;
		};
/* End PBXSourcesBuildPhase section */

/* Begin PBXVariantGroup section */
		4037D7981DE299CF003EE18A /* Main.storyboard */ = {
			isa = PBXVariantGroup;
			children = (
				4037D7991DE299CF003EE18A /* Base */,
			);
			name = Main.storyboard;
			sourceTree = "<group>";
		};
		4037D7A01DE299CF003EE18A /* LaunchScreen.storyboard */ = {
			isa = PBXVariantGroup;
			children = (
				4037D7A11DE299CF003EE18A /* Base */,
			);
			name = LaunchScreen.storyboard;
			sourceTree = "<group>";
		};
/* End PBXVariantGroup section */

/* Begin XCBuildConfiguration section */
		4037D7A41DE299CF003EE18A /* Debug */ = {
			isa = XCBuildConfiguration;
			buildSettings = {
				ALWAYS_SEARCH_USER_PATHS = NO;
				CLANG_ANALYZER_NONNULL = YES;
				CLANG_CXX_LANGUAGE_STANDARD = "gnu++0x";
				CLANG_CXX_LIBRARY = "libc++";
				CLANG_ENABLE_MODULES = YES;
				CLANG_ENABLE_OBJC_ARC = YES;
				CLANG_WARN_BOOL_CONVERSION = YES;
				CLANG_WARN_CONSTANT_CONVERSION = YES;
				CLANG_WARN_DIRECT_OBJC_ISA_USAGE = YES_ERROR;
				CLANG_WARN_EMPTY_BODY = YES;
				CLANG_WARN_ENUM_CONVERSION = YES;
				CLANG_WARN_INT_CONVERSION = YES;
				CLANG_WARN_OBJC_ROOT_CLASS = YES_ERROR;
				CLANG_WARN_UNREACHABLE_CODE = YES;
				CLANG_WARN__DUPLICATE_METHOD_MATCH = YES;
				"CODE_SIGN_IDENTITY[sdk=iphoneos*]" = "iPhone Developer";
				COPY_PHASE_STRIP = NO;
				DEBUG_INFORMATION_FORMAT = dwarf;
				ENABLE_STRICT_OBJC_MSGSEND = YES;
				ENABLE_TESTABILITY = YES;
				GCC_C_LANGUAGE_STANDARD = gnu99;
				GCC_DYNAMIC_NO_PIC = NO;
				GCC_NO_COMMON_BLOCKS = YES;
				GCC_OPTIMIZATION_LEVEL = 0;
				GCC_PREPROCESSOR_DEFINITIONS = (
					"DEBUG=1",
					"$(inherited)",
				);
				GCC_WARN_64_TO_32_BIT_CONVERSION = YES;
				GCC_WARN_ABOUT_RETURN_TYPE = YES_ERROR;
				GCC_WARN_UNDECLARED_SELECTOR = YES;
				GCC_WARN_UNINITIALIZED_AUTOS = YES_AGGRESSIVE;
				GCC_WARN_UNUSED_FUNCTION = YES;
				GCC_WARN_UNUSED_VARIABLE = YES;
				IPHONEOS_DEPLOYMENT_TARGET = 9.3;
				MTL_ENABLE_DEBUG_INFO = YES;
				ONLY_ACTIVE_ARCH = YES;
				SDKROOT = iphoneos;
				SWIFT_OPTIMIZATION_LEVEL = "-Onone";
			};
			name = Debug;
		};
		4037D7A51DE299CF003EE18A /* Release */ = {
			isa = XCBuildConfiguration;
			buildSettings = {
				ALWAYS_SEARCH_USER_PATHS = NO;
				CLANG_ANALYZER_NONNULL = YES;
				CLANG_CXX_LANGUAGE_STANDARD = "gnu++0x";
				CLANG_CXX_LIBRARY = "libc++";
				CLANG_ENABLE_MODULES = YES;
				CLANG_ENABLE_OBJC_ARC = YES;
				CLANG_WARN_BOOL_CONVERSION = YES;
				CLANG_WARN_CONSTANT_CONVERSION = YES;
				CLANG_WARN_DIRECT_OBJC_ISA_USAGE = YES_ERROR;
				CLANG_WARN_EMPTY_BODY = YES;
				CLANG_WARN_ENUM_CONVERSION = YES;
				CLANG_WARN_INT_CONVERSION = YES;
				CLANG_WARN_OBJC_ROOT_CLASS = YES_ERROR;
				CLANG_WARN_UNREACHABLE_CODE = YES;
				CLANG_WARN__DUPLICATE_METHOD_MATCH = YES;
				"CODE_SIGN_IDENTITY[sdk=iphoneos*]" = "iPhone Developer";
				COPY_PHASE_STRIP = NO;
				DEBUG_INFORMATION_FORMAT = "dwarf-with-dsym";
				ENABLE_NS_ASSERTIONS = NO;
				ENABLE_STRICT_OBJC_MSGSEND = YES;
				GCC_C_LANGUAGE_STANDARD = gnu99;
				GCC_NO_COMMON_BLOCKS = YES;
				GCC_WARN_64_TO_32_BIT_CONVERSION = YES;
				GCC_WARN_ABOUT_RETURN_TYPE = YES_ERROR;
				GCC_WARN_UNDECLARED_SELECTOR = YES;
				GCC_WARN_UNINITIALIZED_AUTOS = YES_AGGRESSIVE;
				GCC_WARN_UNUSED_FUNCTION = YES;
				GCC_WARN_UNUSED_VARIABLE = YES;
				IPHONEOS_DEPLOYMENT_TARGET = 9.3;
				MTL_ENABLE_DEBUG_INFO = NO;
				SDKROOT = iphoneos;
				VALIDATE_PRODUCT = YES;
			};
			name = Release;
		};
		4037D7A71DE299CF003EE18A /* Debug */ = {
			isa = XCBuildConfiguration;
			buildSettings = {
				ASSETCATALOG_COMPILER_APPICON_NAME = AppIcon;
				INFOPLIST_FILE = Foo/Info.plist;
				LD_RUNPATH_SEARCH_PATHS = "$(inherited) @executable_path/Frameworks";
				PRODUCT_BUNDLE_IDENTIFIER = com.arunsivakumar.Foo;
				PRODUCT_NAME = "$(TARGET_NAME)";
			};
			name = Debug;
		};
		4037D7A81DE299CF003EE18A /* Release */ = {
			isa = XCBuildConfiguration;
			buildSettings = {
				ASSETCATALOG_COMPILER_APPICON_NAME = AppIcon;
				INFOPLIST_FILE = Foo/Info.plist;
				LD_RUNPATH_SEARCH_PATHS = "$(inherited) @executable_path/Frameworks";
				PRODUCT_BUNDLE_IDENTIFIER = com.arunsivakumar.Foo;
				PRODUCT_NAME = "$(TARGET_NAME)";
			};
			name = Release;
		};
/* End XCBuildConfiguration section */

/* Begin XCConfigurationList section */
		4037D78C1DE299CF003EE18A /* Build configuration list for PBXProject "Foo" */ = {
			isa = XCConfigurationList;
			buildConfigurations = (
				4037D7A41DE299CF003EE18A /* Debug */,
				4037D7A51DE299CF003EE18A /* Release */,
			);
			defaultConfigurationIsVisible = 0;
			defaultConfigurationName = Release;
		};
		4037D7A61DE299CF003EE18A /* Build configuration list for PBXNativeTarget "Foo" */ = {
			isa = XCConfigurationList;
			buildConfigurations = (
				4037D7A71DE299CF003EE18A /* Debug */,
				4037D7A81DE299CF003EE18A /* Release */,
			);
			defaultConfigurationIsVisible = 0;
		};
/* End XCConfigurationList section */

/* Begin XCVersionGroup section */
		4037D79B1DE299CF003EE18A /* Foo.xcdatamodeld */ = {
			isa = XCVersionGroup;
			children = (
				4037D79C1DE299CF003EE18A /* Foo.xcdatamodel */,
			);
			currentVersion = 4037D79C1DE299CF003EE18A /* Foo.xcdatamodel */;
			path = Foo.xcdatamodeld;
			sourceTree = "<group>";
			versionGroupType = wrapper.xcdatamodel;
		};
/* End XCVersionGroup section */
	};
	rootObject = 4037D7891DE299CF003EE18A /* Project object */;
}
